version = 1
revision = 1
requires-python = ">=3.13"

[[package]]
name = "agefreighter"
version = "1.0.7"
source = { editable = "." }
dependencies = [
    { name = "aiofiles" },
    { name = "argcomplete" },
    { name = "numpy" },
    { name = "psycopg", extra = ["binary", "pool"] },
    { name = "shtab" },
]

[package.dev-dependencies]
dev = [
    { name = "neo4j" },
]

[package.metadata]
requires-dist = [
    { name = "aiofiles", specifier = ">=24.1.0" },
    { name = "argcomplete", specifier = ">=3.6.1" },
    { name = "numpy", specifier = ">=2.2.6" },
    { name = "psycopg", extras = ["binary", "pool"], specifier = ">=3.2.9" },
    { name = "shtab", specifier = ">=1.7.2" },
]

[package.metadata.requires-dev]
dev = [{ name = "neo4j", specifier = ">=5.28.1" }]

[[package]]
name = "aiofiles"
version = "24.1.0"
source = { registry = "https://pypi.org/simple" }
sdist = { url = "https://files.pythonhosted.org/packages/0b/03/a88171e277e8caa88a4c77808c20ebb04ba74cc4681bf1e9416c862de237/aiofiles-24.1.0.tar.gz", hash = "sha256:22a075c9e5a3810f0c2e48f3008c94d68c65d763b9b03857924c99e57355166c", size = 30247 }
wheels = [
    { url = "https://files.pythonhosted.org/packages/a5/45/30bb92d442636f570cb5651bc661f52b610e2eec3f891a5dc3a4c3667db0/aiofiles-24.1.0-py3-none-any.whl", hash = "sha256:b4ec55f4195e3eb5d7abd1bf7e061763e864dd4954231fb8539a0ef8bb8260e5", size = 15896 },
]

[[package]]
name = "argcomplete"
version = "3.6.2"
source = { registry = "https://pypi.org/simple" }
sdist = { url = "https://files.pythonhosted.org/packages/16/0f/861e168fc813c56a78b35f3c30d91c6757d1fd185af1110f1aec784b35d0/argcomplete-3.6.2.tar.gz", hash = "sha256:d0519b1bc867f5f4f4713c41ad0aba73a4a5f007449716b16f385f2166dc6adf", size = 73403 }
wheels = [
    { url = "https://files.pythonhosted.org/packages/31/da/e42d7a9d8dd33fa775f467e4028a47936da2f01e4b0e561f9ba0d74cb0ca/argcomplete-3.6.2-py3-none-any.whl", hash = "sha256:65b3133a29ad53fb42c48cf5114752c7ab66c1c38544fdf6460f450c09b42591", size = 43708 },
]

[[package]]
name = "neo4j"
version = "5.28.1"
source = { registry = "https://pypi.org/simple" }
dependencies = [
    { name = "pytz" },
]
sdist = { url = "https://files.pythonhosted.org/packages/4b/20/733dac16f7cedc80b23093415822c9763302519cba0e7c8bcdb5c01fc512/neo4j-5.28.1.tar.gz", hash = "sha256:ae8e37a1d895099062c75bc359b2cce62099baac7be768d0eba7180c1298e214", size = 231094 }
wheels = [
    { url = "https://files.pythonhosted.org/packages/6a/57/94225fe5e9dabdc0ff60c88cbfcedf11277f4b34e7ab1373d3e62dbdd207/neo4j-5.28.1-py3-none-any.whl", hash = "sha256:6755ef9e5f4e14b403aef1138fb6315b120631a0075c138b5ddb2a06b87b09fd", size = 312258 },
]

[[package]]
name = "numpy"
version = "2.2.6"
source = { registry = "https://pypi.org/simple" }
sdist = { url = "https://files.pythonhosted.org/packages/76/21/7d2a95e4bba9dc13d043ee156a356c0a8f0c6309dff6b21b4d71a073b8a8/numpy-2.2.6.tar.gz", hash = "sha256:e29554e2bef54a90aa5cc07da6ce955accb83f21ab5de01a62c8478897b264fd", size = 20276440 }
wheels = [
    { url = "https://files.pythonhosted.org/packages/f9/5c/6657823f4f594f72b5471f1db1ab12e26e890bb2e41897522d134d2a3e81/numpy-2.2.6-cp313-cp313-macosx_10_13_x86_64.whl", hash = "sha256:0811bb762109d9708cca4d0b13c4f67146e3c3b7cf8d34018c722adb2d957c84", size = 20867828 },
    { url = "https://files.pythonhosted.org/packages/dc/9e/14520dc3dadf3c803473bd07e9b2bd1b69bc583cb2497b47000fed2fa92f/numpy-2.2.6-cp313-cp313-macosx_11_0_arm64.whl", hash = "sha256:287cc3162b6f01463ccd86be154f284d0893d2b3ed7292439ea97eafa8170e0b", size = 14143006 },
    { url = "https://files.pythonhosted.org/packages/4f/06/7e96c57d90bebdce9918412087fc22ca9851cceaf5567a45c1f404480e9e/numpy-2.2.6-cp313-cp313-macosx_14_0_arm64.whl", hash = "sha256:f1372f041402e37e5e633e586f62aa53de2eac8d98cbfb822806ce4bbefcb74d", size = 5076765 },
    { url = "https://files.pythonhosted.org/packages/73/ed/63d920c23b4289fdac96ddbdd6132e9427790977d5457cd132f18e76eae0/numpy-2.2.6-cp313-cp313-macosx_14_0_x86_64.whl", hash = "sha256:55a4d33fa519660d69614a9fad433be87e5252f4b03850642f88993f7b2ca566", size = 6617736 },
    { url = "https://files.pythonhosted.org/packages/85/c5/e19c8f99d83fd377ec8c7e0cf627a8049746da54afc24ef0a0cb73d5dfb5/numpy-2.2.6-cp313-cp313-manylinux_2_17_aarch64.manylinux2014_aarch64.whl", hash = "sha256:f92729c95468a2f4f15e9bb94c432a9229d0d50de67304399627a943201baa2f", size = 14010719 },
    { url = "https://files.pythonhosted.org/packages/19/49/4df9123aafa7b539317bf6d342cb6d227e49f7a35b99c287a6109b13dd93/numpy-2.2.6-cp313-cp313-manylinux_2_17_x86_64.manylinux2014_x86_64.whl", hash = "sha256:1bc23a79bfabc5d056d106f9befb8d50c31ced2fbc70eedb8155aec74a45798f", size = 16526072 },
    { url = "https://files.pythonhosted.org/packages/b2/6c/04b5f47f4f32f7c2b0e7260442a8cbcf8168b0e1a41ff1495da42f42a14f/numpy-2.2.6-cp313-cp313-musllinux_1_2_aarch64.whl", hash = "sha256:e3143e4451880bed956e706a3220b4e5cf6172ef05fcc397f6f36a550b1dd868", size = 15503213 },
    { url = "https://files.pythonhosted.org/packages/17/0a/5cd92e352c1307640d5b6fec1b2ffb06cd0dabe7d7b8227f97933d378422/numpy-2.2.6-cp313-cp313-musllinux_1_2_x86_64.whl", hash = "sha256:b4f13750ce79751586ae2eb824ba7e1e8dba64784086c98cdbbcc6a42112ce0d", size = 18316632 },
    { url = "https://files.pythonhosted.org/packages/f0/3b/5cba2b1d88760ef86596ad0f3d484b1cbff7c115ae2429678465057c5155/numpy-2.2.6-cp313-cp313-win32.whl", hash = "sha256:5beb72339d9d4fa36522fc63802f469b13cdbe4fdab4a288f0c441b74272ebfd", size = 6244532 },
    { url = "https://files.pythonhosted.org/packages/cb/3b/d58c12eafcb298d4e6d0d40216866ab15f59e55d148a5658bb3132311fcf/numpy-2.2.6-cp313-cp313-win_amd64.whl", hash = "sha256:b0544343a702fa80c95ad5d3d608ea3599dd54d4632df855e4c8d24eb6ecfa1c", size = 12610885 },
    { url = "https://files.pythonhosted.org/packages/6b/9e/4bf918b818e516322db999ac25d00c75788ddfd2d2ade4fa66f1f38097e1/numpy-2.2.6-cp313-cp313t-macosx_10_13_x86_64.whl", hash = "sha256:0bca768cd85ae743b2affdc762d617eddf3bcf8724435498a1e80132d04879e6", size = 20963467 },
    { url = "https://files.pythonhosted.org/packages/61/66/d2de6b291507517ff2e438e13ff7b1e2cdbdb7cb40b3ed475377aece69f9/numpy-2.2.6-cp313-cp313t-macosx_11_0_arm64.whl", hash = "sha256:fc0c5673685c508a142ca65209b4e79ed6740a4ed6b2267dbba90f34b0b3cfda", size = 14225144 },
    { url = "https://files.pythonhosted.org/packages/e4/25/480387655407ead912e28ba3a820bc69af9adf13bcbe40b299d454ec011f/numpy-2.2.6-cp313-cp313t-macosx_14_0_arm64.whl", hash = "sha256:5bd4fc3ac8926b3819797a7c0e2631eb889b4118a9898c84f585a54d475b7e40", size = 5200217 },
    { url = "https://files.pythonhosted.org/packages/aa/4a/6e313b5108f53dcbf3aca0c0f3e9c92f4c10ce57a0a721851f9785872895/numpy-2.2.6-cp313-cp313t-macosx_14_0_x86_64.whl", hash = "sha256:fee4236c876c4e8369388054d02d0e9bb84821feb1a64dd59e137e6511a551f8", size = 6712014 },
    { url = "https://files.pythonhosted.org/packages/b7/30/172c2d5c4be71fdf476e9de553443cf8e25feddbe185e0bd88b096915bcc/numpy-2.2.6-cp313-cp313t-manylinux_2_17_aarch64.manylinux2014_aarch64.whl", hash = "sha256:e1dda9c7e08dc141e0247a5b8f49cf05984955246a327d4c48bda16821947b2f", size = 14077935 },
    { url = "https://files.pythonhosted.org/packages/12/fb/9e743f8d4e4d3c710902cf87af3512082ae3d43b945d5d16563f26ec251d/numpy-2.2.6-cp313-cp313t-manylinux_2_17_x86_64.manylinux2014_x86_64.whl", hash = "sha256:f447e6acb680fd307f40d3da4852208af94afdfab89cf850986c3ca00562f4fa", size = 16600122 },
    { url = "https://files.pythonhosted.org/packages/12/75/ee20da0e58d3a66f204f38916757e01e33a9737d0b22373b3eb5a27358f9/numpy-2.2.6-cp313-cp313t-musllinux_1_2_aarch64.whl", hash = "sha256:389d771b1623ec92636b0786bc4ae56abafad4a4c513d36a55dce14bd9ce8571", size = 15586143 },
    { url = "https://files.pythonhosted.org/packages/76/95/bef5b37f29fc5e739947e9ce5179ad402875633308504a52d188302319c8/numpy-2.2.6-cp313-cp313t-musllinux_1_2_x86_64.whl", hash = "sha256:8e9ace4a37db23421249ed236fdcdd457d671e25146786dfc96835cd951aa7c1", size = 18385260 },
    { url = "https://files.pythonhosted.org/packages/09/04/f2f83279d287407cf36a7a8053a5abe7be3622a4363337338f2585e4afda/numpy-2.2.6-cp313-cp313t-win32.whl", hash = "sha256:038613e9fb8c72b0a41f025a7e4c3f0b7a1b5d768ece4796b674c8f3fe13efff", size = 6377225 },
    { url = "https://files.pythonhosted.org/packages/67/0e/35082d13c09c02c011cf21570543d202ad929d961c02a147493cb0c2bdf5/numpy-2.2.6-cp313-cp313t-win_amd64.whl", hash = "sha256:6031dd6dfecc0cf9f668681a37648373bddd6421fff6c66ec1624eed0180ee06", size = 12771374 },
]

[[package]]
name = "psycopg"
version = "3.2.9"
source = { registry = "https://pypi.org/simple" }
dependencies = [
    { name = "tzdata", marker = "sys_platform == 'win32'" },
]
sdist = { url = "https://files.pythonhosted.org/packages/27/4a/93a6ab570a8d1a4ad171a1f4256e205ce48d828781312c0bbaff36380ecb/psycopg-3.2.9.tar.gz", hash = "sha256:2fbb46fcd17bc81f993f28c47f1ebea38d66ae97cc2dbc3cad73b37cefbff700", size = 158122 }
wheels = [
    { url = "https://files.pythonhosted.org/packages/44/b0/a73c195a56eb6b92e937a5ca58521a5c3346fb233345adc80fd3e2f542e2/psycopg-3.2.9-py3-none-any.whl", hash = "sha256:01a8dadccdaac2123c916208c96e06631641c0566b22005493f09663c7a8d3b6", size = 202705 },
]

[package.optional-dependencies]
binary = [
    { name = "psycopg-binary", marker = "implementation_name != 'pypy'" },
]
pool = [
    { name = "psycopg-pool" },
]

[[package]]
name = "psycopg-binary"
version = "3.2.9"
source = { registry = "https://pypi.org/simple" }
wheels = [
    { url = "https://files.pythonhosted.org/packages/28/0b/f61ff4e9f23396aca674ed4d5c9a5b7323738021d5d72d36d8b865b3deaf/psycopg_binary-3.2.9-cp313-cp313-macosx_10_13_x86_64.whl", hash = "sha256:98bbe35b5ad24a782c7bf267596638d78aa0e87abc7837bdac5b2a2ab954179e", size = 4017127 },
    { url = "https://files.pythonhosted.org/packages/bc/00/7e181fb1179fbfc24493738b61efd0453d4b70a0c4b12728e2b82db355fd/psycopg_binary-3.2.9-cp313-cp313-macosx_11_0_arm64.whl", hash = "sha256:72691a1615ebb42da8b636c5ca9f2b71f266be9e172f66209a361c175b7842c5", size = 4080322 },
    { url = "https://files.pythonhosted.org/packages/58/fd/94fc267c1d1392c4211e54ccb943be96ea4032e761573cf1047951887494/psycopg_binary-3.2.9-cp313-cp313-manylinux_2_17_aarch64.manylinux2014_aarch64.whl", hash = "sha256:25ab464bfba8c401f5536d5aa95f0ca1dd8257b5202eede04019b4415f491351", size = 4655097 },
    { url = "https://files.pythonhosted.org/packages/41/17/31b3acf43de0b2ba83eac5878ff0dea5a608ca2a5c5dd48067999503a9de/psycopg_binary-3.2.9-cp313-cp313-manylinux_2_17_i686.manylinux2014_i686.whl", hash = "sha256:0e8aeefebe752f46e3c4b769e53f1d4ad71208fe1150975ef7662c22cca80fab", size = 4482114 },
    { url = "https://files.pythonhosted.org/packages/85/78/b4d75e5fd5a85e17f2beb977abbba3389d11a4536b116205846b0e1cf744/psycopg_binary-3.2.9-cp313-cp313-manylinux_2_17_ppc64le.manylinux2014_ppc64le.whl", hash = "sha256:b7e4e4dd177a8665c9ce86bc9caae2ab3aa9360b7ce7ec01827ea1baea9ff748", size = 4737693 },
    { url = "https://files.pythonhosted.org/packages/3b/95/7325a8550e3388b00b5e54f4ced5e7346b531eb4573bf054c3dbbfdc14fe/psycopg_binary-3.2.9-cp313-cp313-manylinux_2_17_x86_64.manylinux2014_x86_64.whl", hash = "sha256:7fc2915949e5c1ea27a851f7a472a7da7d0a40d679f0a31e42f1022f3c562e87", size = 4437423 },
    { url = "https://files.pythonhosted.org/packages/1a/db/cef77d08e59910d483df4ee6da8af51c03bb597f500f1fe818f0f3b925d3/psycopg_binary-3.2.9-cp313-cp313-musllinux_1_2_aarch64.whl", hash = "sha256:a1fa38a4687b14f517f049477178093c39c2a10fdcced21116f47c017516498f", size = 3758667 },
    { url = "https://files.pythonhosted.org/packages/95/3e/252fcbffb47189aa84d723b54682e1bb6d05c8875fa50ce1ada914ae6e28/psycopg_binary-3.2.9-cp313-cp313-musllinux_1_2_i686.whl", hash = "sha256:5be8292d07a3ab828dc95b5ee6b69ca0a5b2e579a577b39671f4f5b47116dfd2", size = 3320576 },
    { url = "https://files.pythonhosted.org/packages/1c/cd/9b5583936515d085a1bec32b45289ceb53b80d9ce1cea0fef4c782dc41a7/psycopg_binary-3.2.9-cp313-cp313-musllinux_1_2_ppc64le.whl", hash = "sha256:778588ca9897b6c6bab39b0d3034efff4c5438f5e3bd52fda3914175498202f9", size = 3411439 },
    { url = "https://files.pythonhosted.org/packages/45/6b/6f1164ea1634c87956cdb6db759e0b8c5827f989ee3cdff0f5c70e8331f2/psycopg_binary-3.2.9-cp313-cp313-musllinux_1_2_x86_64.whl", hash = "sha256:f0d5b3af045a187aedbd7ed5fc513bd933a97aaff78e61c3745b330792c4345b", size = 3477477 },
    { url = "https://files.pythonhosted.org/packages/7b/1d/bf54cfec79377929da600c16114f0da77a5f1670f45e0c3af9fcd36879bc/psycopg_binary-3.2.9-cp313-cp313-win_amd64.whl", hash = "sha256:2290bc146a1b6a9730350f695e8b670e1d1feb8446597bed0bbe7c3c30e0abcb", size = 2928009 },
]

[[package]]
name = "psycopg-pool"
version = "3.2.6"
source = { registry = "https://pypi.org/simple" }
dependencies = [
    { name = "typing-extensions" },
]
sdist = { url = "https://files.pythonhosted.org/packages/cf/13/1e7850bb2c69a63267c3dbf37387d3f71a00fd0e2fa55c5db14d64ba1af4/psycopg_pool-3.2.6.tar.gz", hash = "sha256:0f92a7817719517212fbfe2fd58b8c35c1850cdd2a80d36b581ba2085d9148e5", size = 29770 }
wheels = [
    { url = "https://files.pythonhosted.org/packages/47/fd/4feb52a55c1a4bd748f2acaed1903ab54a723c47f6d0242780f4d97104d4/psycopg_pool-3.2.6-py3-none-any.whl", hash = "sha256:5887318a9f6af906d041a0b1dc1c60f8f0dda8340c2572b74e10907b51ed5da7", size = 38252 },
]

[[package]]
name = "pytz"
version = "2025.2"
source = { registry = "https://pypi.org/simple" }
sdist = { url = "https://files.pythonhosted.org/packages/f8/bf/abbd3cdfb8fbc7fb3d4d38d320f2441b1e7cbe29be4f23797b4a2b5d8aac/pytz-2025.2.tar.gz", hash = "sha256:360b9e3dbb49a209c21ad61809c7fb453643e048b38924c765813546746e81c3", size = 320884 }
wheels = [
    { url = "https://files.pythonhosted.org/packages/81/c4/34e93fe5f5429d7570ec1fa436f1986fb1f00c3e0f43a589fe2bbcd22c3f/pytz-2025.2-py2.py3-none-any.whl", hash = "sha256:5ddf76296dd8c44c26eb8f4b6f35488f3ccbf6fbbd7adee0b7262d43f0ec2f00", size = 509225 },
]

[[package]]
name = "shtab"
version = "1.7.2"
source = { registry = "https://pypi.org/simple" }
sdist = { url = "https://files.pythonhosted.org/packages/5a/3e/837067b970c1d2ffa936c72f384a63fdec4e186b74da781e921354a94024/shtab-1.7.2.tar.gz", hash = "sha256:8c16673ade76a2d42417f03e57acf239bfb5968e842204c17990cae357d07d6f", size = 45751 }
wheels = [
    { url = "https://files.pythonhosted.org/packages/74/03/3271b7bb470fbab4adf5bd30b0d32143909d96f3608d815b447357f47f2b/shtab-1.7.2-py3-none-any.whl", hash = "sha256:858a5805f6c137bb0cda4f282d27d08fd44ca487ab4a6a36d2a400263cd0b5c1", size = 14214 },
]

[[package]]
name = "typing-extensions"
version = "4.13.2"
source = { registry = "https://pypi.org/simple" }
sdist = { url = "https://files.pythonhosted.org/packages/f6/37/23083fcd6e35492953e8d2aaaa68b860eb422b34627b13f2ce3eb6106061/typing_extensions-4.13.2.tar.gz", hash = "sha256:e6c81219bd689f51865d9e372991c540bda33a0379d5573cddb9a3a23f7caaef", size = 106967 }
wheels = [
    { url = "https://files.pythonhosted.org/packages/8b/54/b1ae86c0973cc6f0210b53d508ca3641fb6d0c56823f288d108bc7ab3cc8/typing_extensions-4.13.2-py3-none-any.whl", hash = "sha256:a439e7c04b49fec3e5d3e2beaa21755cadbbdc391694e28ccdd36ca4a1408f8c", size = 45806 },
]

[[package]]
name = "tzdata"
version = "2025.2"
source = { registry = "https://pypi.org/simple" }
sdist = { url = "https://files.pythonhosted.org/packages/95/32/1a225d6164441be760d75c2c42e2780dc0873fe382da3e98a2e1e48361e5/tzdata-2025.2.tar.gz", hash = "sha256:b60a638fcc0daffadf82fe0f57e53d06bdec2f36c4df66280ae79bce6bd6f2b9", size = 196380 }
wheels = [
    { url = "https://files.pythonhosted.org/packages/5c/23/c7abc0ca0a1526a0774eca151daeb8de62ec457e77262b66b359c3c7679e/tzdata-2025.2-py2.py3-none-any.whl", hash = "sha256:1a403fada01ff9221ca8044d701868fa132215d84beb92242d9acd2147f667a8", size = 347839 },
]
