version = 1
revision = 3
requires-python = ">=3.13"

[[package]]
name = "agefreighter"
version = "1.0.36"
source = { editable = "." }
dependencies = [
    { name = "aiofiles" },
    { name = "argcomplete" },
    { name = "numpy" },
    { name = "psycopg-binary" },
    { name = "psycopg-pool" },
    { name = "shtab" },
]

[package.optional-dependencies]
test = [
    { name = "pytest" },
    { name = "pytest-cov" },
]

[package.dev-dependencies]
dev = [
    { name = "neo4j" },
]

[package.metadata]
requires-dist = [
    { name = "aiofiles", specifier = ">=25.1.0" },
    { name = "argcomplete", specifier = ">=3.6.3" },
    { name = "numpy", specifier = ">=2.4.3" },
    { name = "psycopg-binary", specifier = ">=3.3.3" },
    { name = "psycopg-pool", specifier = ">=3.3.0" },
    { name = "pytest", marker = "extra == 'test'", specifier = ">=9" },
    { name = "pytest-cov", marker = "extra == 'test'", specifier = ">=7" },
    { name = "shtab", specifier = ">=1.8.0" },
]
provides-extras = ["test"]

[package.metadata.requires-dev]
dev = [{ name = "neo4j", specifier = ">=6.1.0" }]

[[package]]
name = "aiofiles"
version = "25.1.0"
source = { registry = "https://packagefeedproxy.microsoft.io/pypi/simple" }
sdist = { url = "https://ms-feed-25.pkgs.visualstudio.com/6f084628-a36d-42cb-934d-057357e379dc/_packaging/49d7402f-07bb-4b18-a9ce-086e6e98a554/pypi/download/aiofiles/25.1/aiofiles-25.1.0.tar.gz", hash = "sha256:a8d728f0a29de45dc521f18f07297428d56992a742f0cd2701ba86e44d23d5b2" }
wheels = [
    { url = "https://ms-feed-25.pkgs.visualstudio.com/6f084628-a36d-42cb-934d-057357e379dc/_packaging/49d7402f-07bb-4b18-a9ce-086e6e98a554/pypi/download/aiofiles/25.1/aiofiles-25.1.0-py3-none-any.whl", hash = "sha256:abe311e527c862958650f9438e859c1fa7568a141b22abcd015e120e86a85695" },
]

[[package]]
name = "argcomplete"
version = "3.6.3"
source = { registry = "https://packagefeedproxy.microsoft.io/pypi/simple" }
sdist = { url = "https://ms-feed-17.pkgs.visualstudio.com/02a0e93b-9e7a-46f6-8851-5a56920f8f7e/_packaging/2aa351dc-4441-4d20-a430-25f505f2a55a/pypi/download/argcomplete/3.6.3/argcomplete-3.6.3.tar.gz", hash = "sha256:62e8ed4fd6a45864acc8235409461b72c9a28ee785a2011cc5eb78318786c89c" }
wheels = [
    { url = "https://ms-feed-17.pkgs.visualstudio.com/02a0e93b-9e7a-46f6-8851-5a56920f8f7e/_packaging/2aa351dc-4441-4d20-a430-25f505f2a55a/pypi/download/argcomplete/3.6.3/argcomplete-3.6.3-py3-none-any.whl", hash = "sha256:f5007b3a600ccac5d25bbce33089211dfd49eab4a7718da3f10e3082525a92ce" },
]

[[package]]
name = "colorama"
version = "0.4.6"
source = { registry = "https://packagefeedproxy.microsoft.io/pypi/simple" }
sdist = { url = "https://ms-feed-2.pkgs.visualstudio.com/f5581750-f66a-4ee8-b9cc-8269930bd7c4/_packaging/637e612b-d5d4-45c1-8a31-e0deb2a5a828/pypi/download/colorama/0.4.6/colorama-0.4.6.tar.gz", hash = "sha256:08695f5cb7ed6e0531a20572697297273c47b8cae5a63ffc6d6ed5c201be6e44" }
wheels = [
    { url = "https://ms-feed-2.pkgs.visualstudio.com/f5581750-f66a-4ee8-b9cc-8269930bd7c4/_packaging/637e612b-d5d4-45c1-8a31-e0deb2a5a828/pypi/download/colorama/0.4.6/colorama-0.4.6-py2.py3-none-any.whl", hash = "sha256:4f1d9991f5acc0ca119f9d443620b77f9d6b33703e51011c16baf57afb285fc6" },
]

[[package]]
name = "coverage"
version = "7.15.0"
source = { registry = "https://packagefeedproxy.microsoft.io/pypi/simple" }
sdist = { url = "https://ms-feed-25.pkgs.visualstudio.com/6f084628-a36d-42cb-934d-057357e379dc/_packaging/49d7402f-07bb-4b18-a9ce-086e6e98a554/pypi/download/coverage/7.15/coverage-7.15.0.tar.gz", hash = "sha256:9ac3fe7a1435986463eaa8ee253ae2f2a268709ba4ae5c7dd1f52a05391ad78f" }
wheels = [
    { url = "https://ms-feed-25.pkgs.visualstudio.com/6f084628-a36d-42cb-934d-057357e379dc/_packaging/49d7402f-07bb-4b18-a9ce-086e6e98a554/pypi/download/coverage/7.15/coverage-7.15.0-cp313-cp313-macosx_10_13_x86_64.whl", hash = "sha256:5be4caf3b28836f078abe700f8944dac4a65d78f16d6c600c89cb624e5535782" },
    { url = "https://ms-feed-25.pkgs.visualstudio.com/6f084628-a36d-42cb-934d-057357e379dc/_packaging/49d7402f-07bb-4b18-a9ce-086e6e98a554/pypi/download/coverage/7.15/coverage-7.15.0-cp313-cp313-macosx_11_0_arm64.whl", hash = "sha256:dd58ad1404704303ca8d4f4b8a1095e7cbc7040ef17a66df1e6619aa10176430" },
    { url = "https://ms-feed-25.pkgs.visualstudio.com/6f084628-a36d-42cb-934d-057357e379dc/_packaging/49d7402f-07bb-4b18-a9ce-086e6e98a554/pypi/download/coverage/7.15/coverage-7.15.0-cp313-cp313-manylinux1_i686.manylinux_2_28_i686.manylinux_2_5_i686.whl", hash = "sha256:bbcbb317c2e5ded5b21104af81c29f391be2af98d065693ffbe8d23949b948e5" },
    { url = "https://ms-feed-25.pkgs.visualstudio.com/6f084628-a36d-42cb-934d-057357e379dc/_packaging/49d7402f-07bb-4b18-a9ce-086e6e98a554/pypi/download/coverage/7.15/coverage-7.15.0-cp313-cp313-manylinux1_x86_64.manylinux_2_28_x86_64.manylinux_2_5_x86_64.whl", hash = "sha256:27f31ecb458da3f859aab3f15ada871eb7a7768807d88df4a9f186bb17737970" },
    { url = "https://ms-feed-25.pkgs.visualstudio.com/6f084628-a36d-42cb-934d-057357e379dc/_packaging/49d7402f-07bb-4b18-a9ce-086e6e98a554/pypi/download/coverage/7.15/coverage-7.15.0-cp313-cp313-manylinux2014_aarch64.manylinux_2_17_aarch64.manylinux_2_28_aarch64.whl", hash = "sha256:13fb759be317fdc62e0f56bffdf61cfcb45c7761ad6b71e3e583e71a67ae753c" },
    { url = "https://ms-feed-25.pkgs.visualstudio.com/6f084628-a36d-42cb-934d-057357e379dc/_packaging/49d7402f-07bb-4b18-a9ce-086e6e98a554/pypi/download/coverage/7.15/coverage-7.15.0-cp313-cp313-manylinux2014_ppc64le.manylinux_2_17_ppc64le.manylinux_2_28_ppc64le.whl", hash = "sha256:d5cf007add5ab4bb8fa9f4c77e3732127c9e6cad501d7db43355fbfafca0be84" },
    { url = "https://ms-feed-25.pkgs.visualstudio.com/6f084628-a36d-42cb-934d-057357e379dc/_packaging/49d7402f-07bb-4b18-a9ce-086e6e98a554/pypi/download/coverage/7.15/coverage-7.15.0-cp313-cp313-manylinux_2_31_riscv64.manylinux_2_39_riscv64.whl", hash = "sha256:cc78d9843bd576fbe2118248258d485e968dc535f95ed504a7b0867ba9b51389" },
    { url = "https://ms-feed-25.pkgs.visualstudio.com/6f084628-a36d-42cb-934d-057357e379dc/_packaging/49d7402f-07bb-4b18-a9ce-086e6e98a554/pypi/download/coverage/7.15/coverage-7.15.0-cp313-cp313-musllinux_1_2_aarch64.whl", hash = "sha256:a263060f1de0b4b74b4e089c2a70b8003b3781c733329a9c8fd54995328f9950" },
    { url = "https://ms-feed-25.pkgs.visualstudio.com/6f084628-a36d-42cb-934d-057357e379dc/_packaging/49d7402f-07bb-4b18-a9ce-086e6e98a554/pypi/download/coverage/7.15/coverage-7.15.0-cp313-cp313-musllinux_1_2_i686.whl", hash = "sha256:c48decf16e0dfd5b049c7d5e82200c23c08126719142998d4f172444e3d0529e" },
    { url = "https://ms-feed-25.pkgs.visualstudio.com/6f084628-a36d-42cb-934d-057357e379dc/_packaging/49d7402f-07bb-4b18-a9ce-086e6e98a554/pypi/download/coverage/7.15/coverage-7.15.0-cp313-cp313-musllinux_1_2_ppc64le.whl", hash = "sha256:08fb028000ed0aaa0a4cbdfbb98be7cb42f370db973fbbb469733505ab20e13e" },
    { url = "https://ms-feed-25.pkgs.visualstudio.com/6f084628-a36d-42cb-934d-057357e379dc/_packaging/49d7402f-07bb-4b18-a9ce-086e6e98a554/pypi/download/coverage/7.15/coverage-7.15.0-cp313-cp313-musllinux_1_2_riscv64.whl", hash = "sha256:fb7dc0c3b7d8a1077abea0b8546ebc5e26d6ef6ecefc2f0f5ad2b8a53bdad837" },
    { url = "https://ms-feed-25.pkgs.visualstudio.com/6f084628-a36d-42cb-934d-057357e379dc/_packaging/49d7402f-07bb-4b18-a9ce-086e6e98a554/pypi/download/coverage/7.15/coverage-7.15.0-cp313-cp313-musllinux_1_2_x86_64.whl", hash = "sha256:6cb3602054ccbe9f0d8c2dc04bbeba90d5719236e2cd06e042ddd6d3fc7b6e37" },
    { url = "https://ms-feed-25.pkgs.visualstudio.com/6f084628-a36d-42cb-934d-057357e379dc/_packaging/49d7402f-07bb-4b18-a9ce-086e6e98a554/pypi/download/coverage/7.15/coverage-7.15.0-cp313-cp313-win32.whl", hash = "sha256:0bf781da64326b677be344df505171435b6f58716108606621d5d27d964fff8b" },
    { url = "https://ms-feed-25.pkgs.visualstudio.com/6f084628-a36d-42cb-934d-057357e379dc/_packaging/49d7402f-07bb-4b18-a9ce-086e6e98a554/pypi/download/coverage/7.15/coverage-7.15.0-cp313-cp313-win_amd64.whl", hash = "sha256:2c57a275078ee3fa185f83e400f765bc764a549de66d99b47881645cbd4ea629" },
    { url = "https://ms-feed-25.pkgs.visualstudio.com/6f084628-a36d-42cb-934d-057357e379dc/_packaging/49d7402f-07bb-4b18-a9ce-086e6e98a554/pypi/download/coverage/7.15/coverage-7.15.0-cp313-cp313-win_arm64.whl", hash = "sha256:3812c61afc6685c7999b39320779ab8f43b7a3081fdb0def39976e56fbdb9a21" },
    { url = "https://ms-feed-25.pkgs.visualstudio.com/6f084628-a36d-42cb-934d-057357e379dc/_packaging/49d7402f-07bb-4b18-a9ce-086e6e98a554/pypi/download/coverage/7.15/coverage-7.15.0-cp314-cp314-macosx_10_15_x86_64.whl", hash = "sha256:41cb79af843222e11da87127ad0ecbfa878abadd0f770a4a99391a27d3887324" },
    { url = "https://ms-feed-25.pkgs.visualstudio.com/6f084628-a36d-42cb-934d-057357e379dc/_packaging/49d7402f-07bb-4b18-a9ce-086e6e98a554/pypi/download/coverage/7.15/coverage-7.15.0-cp314-cp314-macosx_11_0_arm64.whl", hash = "sha256:7d2008989ef8fe54188d3f3bfa2e3099b025af11e90a6a1b9e7dc433d04263d8" },
    { url = "https://ms-feed-25.pkgs.visualstudio.com/6f084628-a36d-42cb-934d-057357e379dc/_packaging/49d7402f-07bb-4b18-a9ce-086e6e98a554/pypi/download/coverage/7.15/coverage-7.15.0-cp314-cp314-manylinux1_i686.manylinux_2_28_i686.manylinux_2_5_i686.whl", hash = "sha256:769e8ece11a596315ebf5aa7ec383aeeed016c091d2bf6363ffb996d41529092" },
    { url = "https://ms-feed-25.pkgs.visualstudio.com/6f084628-a36d-42cb-934d-057357e379dc/_packaging/49d7402f-07bb-4b18-a9ce-086e6e98a554/pypi/download/coverage/7.15/coverage-7.15.0-cp314-cp314-manylinux1_x86_64.manylinux_2_28_x86_64.manylinux_2_5_x86_64.whl", hash = "sha256:65a6b6164ee5c39e2f3803f314292d6c61a607ba7fee253d1e03c42dc3903502" },
    { url = "https://ms-feed-25.pkgs.visualstudio.com/6f084628-a36d-42cb-934d-057357e379dc/_packaging/49d7402f-07bb-4b18-a9ce-086e6e98a554/pypi/download/coverage/7.15/coverage-7.15.0-cp314-cp314-manylinux2014_aarch64.manylinux_2_17_aarch64.manylinux_2_28_aarch64.whl", hash = "sha256:75128817f95a5c45bb01d65fd2d8b9cb54bbe03d81608fb70e3e14b437ad56c2" },
    { url = "https://ms-feed-25.pkgs.visualstudio.com/6f084628-a36d-42cb-934d-057357e379dc/_packaging/49d7402f-07bb-4b18-a9ce-086e6e98a554/pypi/download/coverage/7.15/coverage-7.15.0-cp314-cp314-manylinux2014_ppc64le.manylinux_2_17_ppc64le.manylinux_2_28_ppc64le.whl", hash = "sha256:9887bb428fe2d4cd4bee89bac1a6c9932f484afd5b36fbd4ff6ea5f825bb1f5e" },
    { url = "https://ms-feed-25.pkgs.visualstudio.com/6f084628-a36d-42cb-934d-057357e379dc/_packaging/49d7402f-07bb-4b18-a9ce-086e6e98a554/pypi/download/coverage/7.15/coverage-7.15.0-cp314-cp314-manylinux_2_31_riscv64.manylinux_2_39_riscv64.whl", hash = "sha256:0bfc0be1f702042207a93a00523b1065ee1fe951e96edf311581c0bbc2e34888" },
    { url = "https://ms-feed-25.pkgs.visualstudio.com/6f084628-a36d-42cb-934d-057357e379dc/_packaging/49d7402f-07bb-4b18-a9ce-086e6e98a554/pypi/download/coverage/7.15/coverage-7.15.0-cp314-cp314-musllinux_1_2_aarch64.whl", hash = "sha256:f64627d55def5a43282d70e08396672692f77e4da610a5bb8bb4060b432b6859" },
    { url = "https://ms-feed-25.pkgs.visualstudio.com/6f084628-a36d-42cb-934d-057357e379dc/_packaging/49d7402f-07bb-4b18-a9ce-086e6e98a554/pypi/download/coverage/7.15/coverage-7.15.0-cp314-cp314-musllinux_1_2_i686.whl", hash = "sha256:2c6f0fa473003905c6d5bac328ee4eba9fbea654f15bc24b8a3274b23363fa99" },
    { url = "https://ms-feed-25.pkgs.visualstudio.com/6f084628-a36d-42cb-934d-057357e379dc/_packaging/49d7402f-07bb-4b18-a9ce-086e6e98a554/pypi/download/coverage/7.15/coverage-7.15.0-cp314-cp314-musllinux_1_2_ppc64le.whl", hash = "sha256:2bcf9afaf064172c6ec3c58a325a9957ad1178c05dd934e25f253321776e0676" },
    { url = "https://ms-feed-25.pkgs.visualstudio.com/6f084628-a36d-42cb-934d-057357e379dc/_packaging/49d7402f-07bb-4b18-a9ce-086e6e98a554/pypi/download/coverage/7.15/coverage-7.15.0-cp314-cp314-musllinux_1_2_riscv64.whl", hash = "sha256:baf06bc987115d6fb938d403f7eab684a057766c490367999a2b71a6883110c6" },
    { url = "https://ms-feed-25.pkgs.visualstudio.com/6f084628-a36d-42cb-934d-057357e379dc/_packaging/49d7402f-07bb-4b18-a9ce-086e6e98a554/pypi/download/coverage/7.15/coverage-7.15.0-cp314-cp314-musllinux_1_2_x86_64.whl", hash = "sha256:f0405f2ff97b1c4c0e782cb32e02f32369bcf2e6b618b591d67e1ea754575dfe" },
    { url = "https://ms-feed-25.pkgs.visualstudio.com/6f084628-a36d-42cb-934d-057357e379dc/_packaging/49d7402f-07bb-4b18-a9ce-086e6e98a554/pypi/download/coverage/7.15/coverage-7.15.0-cp314-cp314-win32.whl", hash = "sha256:ab282853ed5fbd64bbb162f19cb8fcb7087187508a6374b4f9c34ec1577c4e8f" },
    { url = "https://ms-feed-25.pkgs.visualstudio.com/6f084628-a36d-42cb-934d-057357e379dc/_packaging/49d7402f-07bb-4b18-a9ce-086e6e98a554/pypi/download/coverage/7.15/coverage-7.15.0-cp314-cp314-win_amd64.whl", hash = "sha256:3bb3040e9f4bbe26fcb0cd7cc85ac63e630d3f3a9c74f027abf4caa27e706663" },
    { url = "https://ms-feed-25.pkgs.visualstudio.com/6f084628-a36d-42cb-934d-057357e379dc/_packaging/49d7402f-07bb-4b18-a9ce-086e6e98a554/pypi/download/coverage/7.15/coverage-7.15.0-cp314-cp314-win_arm64.whl", hash = "sha256:346771144d34f7fa84ec28386f78e0f31653f33cf35e19d253d5b35f9e8201da" },
    { url = "https://ms-feed-25.pkgs.visualstudio.com/6f084628-a36d-42cb-934d-057357e379dc/_packaging/49d7402f-07bb-4b18-a9ce-086e6e98a554/pypi/download/coverage/7.15/coverage-7.15.0-cp314-cp314t-macosx_10_15_x86_64.whl", hash = "sha256:d34a010905fb6401324ba016b5da03d574967f7b21ce48ea41e66f0f1f95f641" },
    { url = "https://ms-feed-25.pkgs.visualstudio.com/6f084628-a36d-42cb-934d-057357e379dc/_packaging/49d7402f-07bb-4b18-a9ce-086e6e98a554/pypi/download/coverage/7.15/coverage-7.15.0-cp314-cp314t-macosx_11_0_arm64.whl", hash = "sha256:bb25d825d885ca8036795dacfc3924d33091fc76d71ebc99420c6b79e77d96fa" },
    { url = "https://ms-feed-25.pkgs.visualstudio.com/6f084628-a36d-42cb-934d-057357e379dc/_packaging/49d7402f-07bb-4b18-a9ce-086e6e98a554/pypi/download/coverage/7.15/coverage-7.15.0-cp314-cp314t-manylinux1_i686.manylinux_2_28_i686.manylinux_2_5_i686.whl", hash = "sha256:94c9686bfe8a9a6810297aecbd99beaa3445f9e8dc2f80b1382cca0d86b64461" },
    { url = "https://ms-feed-25.pkgs.visualstudio.com/6f084628-a36d-42cb-934d-057357e379dc/_packaging/49d7402f-07bb-4b18-a9ce-086e6e98a554/pypi/download/coverage/7.15/coverage-7.15.0-cp314-cp314t-manylinux1_x86_64.manylinux_2_28_x86_64.manylinux_2_5_x86_64.whl", hash = "sha256:9bd671c25f9d85f09d7ec481d0e43d5139f486c06a37139847a7ce569788af72" },
    { url = "https://ms-feed-25.pkgs.visualstudio.com/6f084628-a36d-42cb-934d-057357e379dc/_packaging/49d7402f-07bb-4b18-a9ce-086e6e98a554/pypi/download/coverage/7.15/coverage-7.15.0-cp314-cp314t-manylinux2014_aarch64.manylinux_2_17_aarch64.manylinux_2_28_aarch64.whl", hash = "sha256:110cbdf8d2e216577312cf06ccf85539c0e5a5420ef747e4a4719b5e483c88cd" },
    { url = "https://ms-feed-25.pkgs.visualstudio.com/6f084628-a36d-42cb-934d-057357e379dc/_packaging/49d7402f-07bb-4b18-a9ce-086e6e98a554/pypi/download/coverage/7.15/coverage-7.15.0-cp314-cp314t-manylinux2014_ppc64le.manylinux_2_17_ppc64le.manylinux_2_28_ppc64le.whl", hash = "sha256:2c5d4619214f1d9993e7b00a8600d14614b7e9d84e89507460b126aa5e6559e5" },
    { url = "https://ms-feed-25.pkgs.visualstudio.com/6f084628-a36d-42cb-934d-057357e379dc/_packaging/49d7402f-07bb-4b18-a9ce-086e6e98a554/pypi/download/coverage/7.15/coverage-7.15.0-cp314-cp314t-manylinux_2_31_riscv64.manylinux_2_39_riscv64.whl", hash = "sha256:781a704516e2d8346fbbd5be6c6f3412dd824785146528b3a01816f26c081007" },
    { url = "https://ms-feed-25.pkgs.visualstudio.com/6f084628-a36d-42cb-934d-057357e379dc/_packaging/49d7402f-07bb-4b18-a9ce-086e6e98a554/pypi/download/coverage/7.15/coverage-7.15.0-cp314-cp314t-musllinux_1_2_aarch64.whl", hash = "sha256:bd4a1b44bcb65ee29e947ac92bbee04956df3a6bfc6143641bb6cae7ede00fc9" },
    { url = "https://ms-feed-25.pkgs.visualstudio.com/6f084628-a36d-42cb-934d-057357e379dc/_packaging/49d7402f-07bb-4b18-a9ce-086e6e98a554/pypi/download/coverage/7.15/coverage-7.15.0-cp314-cp314t-musllinux_1_2_i686.whl", hash = "sha256:0e4950c9d6d3e39c64c991814ff315e2d0b9cb8152363594212c9e55208c0a8f" },
    { url = "https://ms-feed-25.pkgs.visualstudio.com/6f084628-a36d-42cb-934d-057357e379dc/_packaging/49d7402f-07bb-4b18-a9ce-086e6e98a554/pypi/download/coverage/7.15/coverage-7.15.0-cp314-cp314t-musllinux_1_2_ppc64le.whl", hash = "sha256:fe9c87ff42e5472d80d21704972e1f96e104a0a599d77c5e35db5a3c562e2571" },
    { url = "https://ms-feed-25.pkgs.visualstudio.com/6f084628-a36d-42cb-934d-057357e379dc/_packaging/49d7402f-07bb-4b18-a9ce-086e6e98a554/pypi/download/coverage/7.15/coverage-7.15.0-cp314-cp314t-musllinux_1_2_riscv64.whl", hash = "sha256:f00d5ae1dd2fe13fb8186e3e7d37bcbd8b25c0d764ff7d1b32cef9be058510a8" },
    { url = "https://ms-feed-25.pkgs.visualstudio.com/6f084628-a36d-42cb-934d-057357e379dc/_packaging/49d7402f-07bb-4b18-a9ce-086e6e98a554/pypi/download/coverage/7.15/coverage-7.15.0-cp314-cp314t-musllinux_1_2_x86_64.whl", hash = "sha256:363ab38cc78b615f11c9cac3cf1d7eef950c18b9fdedfb9066f59461dcf84d68" },
    { url = "https://ms-feed-25.pkgs.visualstudio.com/6f084628-a36d-42cb-934d-057357e379dc/_packaging/49d7402f-07bb-4b18-a9ce-086e6e98a554/pypi/download/coverage/7.15/coverage-7.15.0-cp314-cp314t-win32.whl", hash = "sha256:54fd9c53a5fafff509195f1b6a3f9be615d8e8362a3629ff1de23d270c03c86b" },
    { url = "https://ms-feed-25.pkgs.visualstudio.com/6f084628-a36d-42cb-934d-057357e379dc/_packaging/49d7402f-07bb-4b18-a9ce-086e6e98a554/pypi/download/coverage/7.15/coverage-7.15.0-cp314-cp314t-win_amd64.whl", hash = "sha256:87b47553097ba185ed964866078e7e63adea9f5f51b5f39691c34f30afd21080" },
    { url = "https://ms-feed-25.pkgs.visualstudio.com/6f084628-a36d-42cb-934d-057357e379dc/_packaging/49d7402f-07bb-4b18-a9ce-086e6e98a554/pypi/download/coverage/7.15/coverage-7.15.0-cp314-cp314t-win_arm64.whl", hash = "sha256:aeefb2dd178fe7eee79f0ad25d75855cb35ee9ed472db2c5ea06f5b4fd00cec5" },
    { url = "https://ms-feed-25.pkgs.visualstudio.com/6f084628-a36d-42cb-934d-057357e379dc/_packaging/49d7402f-07bb-4b18-a9ce-086e6e98a554/pypi/download/coverage/7.15/coverage-7.15.0-py3-none-any.whl", hash = "sha256:56da6a4cbe8f7e9e80bd072ca9cefe67d7106a440a7ec06519ec6507ac94ad19" },
]

[[package]]
name = "iniconfig"
version = "2.3.0"
source = { registry = "https://packagefeedproxy.microsoft.io/pypi/simple" }
sdist = { url = "https://ms-feed-25.pkgs.visualstudio.com/6f084628-a36d-42cb-934d-057357e379dc/_packaging/49d7402f-07bb-4b18-a9ce-086e6e98a554/pypi/download/iniconfig/2.3/iniconfig-2.3.0.tar.gz", hash = "sha256:c76315c77db068650d49c5b56314774a7804df16fee4402c1f19d6d15d8c4730" }
wheels = [
    { url = "https://ms-feed-25.pkgs.visualstudio.com/6f084628-a36d-42cb-934d-057357e379dc/_packaging/49d7402f-07bb-4b18-a9ce-086e6e98a554/pypi/download/iniconfig/2.3/iniconfig-2.3.0-py3-none-any.whl", hash = "sha256:f631c04d2c48c52b84d0d0549c99ff3859c98df65b3101406327ecc7d53fbf12" },
]

[[package]]
name = "neo4j"
version = "6.1.0"
source = { registry = "https://packagefeedproxy.microsoft.io/pypi/simple" }
dependencies = [
    { name = "pytz" },
]
sdist = { url = "https://ms-feed-2.pkgs.visualstudio.com/f5581750-f66a-4ee8-b9cc-8269930bd7c4/_packaging/637e612b-d5d4-45c1-8a31-e0deb2a5a828/pypi/download/neo4j/6.1/neo4j-6.1.0.tar.gz", hash = "sha256:b5dde8c0d8481e7b6ae3733569d990dd3e5befdc5d452f531ad1884ed3500b84" }
wheels = [
    { url = "https://ms-feed-2.pkgs.visualstudio.com/f5581750-f66a-4ee8-b9cc-8269930bd7c4/_packaging/637e612b-d5d4-45c1-8a31-e0deb2a5a828/pypi/download/neo4j/6.1/neo4j-6.1.0-py3-none-any.whl", hash = "sha256:3bd93941f3a3559af197031157220af9fd71f4f93a311db687bd69ffa417b67d" },
]

[[package]]
name = "numpy"
version = "2.4.3"
source = { registry = "https://packagefeedproxy.microsoft.io/pypi/simple" }
sdist = { url = "https://ms-feed-25.pkgs.visualstudio.com/6f084628-a36d-42cb-934d-057357e379dc/_packaging/49d7402f-07bb-4b18-a9ce-086e6e98a554/pypi/download/numpy/2.4.3/numpy-2.4.3.tar.gz", hash = "sha256:483a201202b73495f00dbc83796c6ae63137a9bdade074f7648b3e32613412dd" }
wheels = [
    { url = "https://ms-feed-25.pkgs.visualstudio.com/6f084628-a36d-42cb-934d-057357e379dc/_packaging/49d7402f-07bb-4b18-a9ce-086e6e98a554/pypi/download/numpy/2.4.3/numpy-2.4.3-cp313-cp313-macosx_10_13_x86_64.whl", hash = "sha256:b346845443716c8e542d54112966383b448f4a3ba5c66409771b8c0889485dd3" },
    { url = "https://ms-feed-25.pkgs.visualstudio.com/6f084628-a36d-42cb-934d-057357e379dc/_packaging/49d7402f-07bb-4b18-a9ce-086e6e98a554/pypi/download/numpy/2.4.3/numpy-2.4.3-cp313-cp313-macosx_11_0_arm64.whl", hash = "sha256:2629289168f4897a3c4e23dc98d6f1731f0fc0fe52fb9db19f974041e4cc12b9" },
    { url = "https://ms-feed-25.pkgs.visualstudio.com/6f084628-a36d-42cb-934d-057357e379dc/_packaging/49d7402f-07bb-4b18-a9ce-086e6e98a554/pypi/download/numpy/2.4.3/numpy-2.4.3-cp313-cp313-macosx_14_0_arm64.whl", hash = "sha256:bb2e3cf95854233799013779216c57e153c1ee67a0bf92138acca0e429aefaee" },
    { url = "https://ms-feed-25.pkgs.visualstudio.com/6f084628-a36d-42cb-934d-057357e379dc/_packaging/49d7402f-07bb-4b18-a9ce-086e6e98a554/pypi/download/numpy/2.4.3/numpy-2.4.3-cp313-cp313-macosx_14_0_x86_64.whl", hash = "sha256:7f3408ff897f8ab07a07fbe2823d7aee6ff644c097cc1f90382511fe982f647f" },
    { url = "https://ms-feed-25.pkgs.visualstudio.com/6f084628-a36d-42cb-934d-057357e379dc/_packaging/49d7402f-07bb-4b18-a9ce-086e6e98a554/pypi/download/numpy/2.4.3/numpy-2.4.3-cp313-cp313-manylinux_2_27_aarch64.manylinux_2_28_aarch64.whl", hash = "sha256:decb0eb8a53c3b009b0962378065589685d66b23467ef5dac16cbe818afde27f" },
    { url = "https://ms-feed-25.pkgs.visualstudio.com/6f084628-a36d-42cb-934d-057357e379dc/_packaging/49d7402f-07bb-4b18-a9ce-086e6e98a554/pypi/download/numpy/2.4.3/numpy-2.4.3-cp313-cp313-manylinux_2_27_x86_64.manylinux_2_28_x86_64.whl", hash = "sha256:d5f51900414fc9204a0e0da158ba2ac52b75656e7dce7e77fb9f84bfa343b4cc" },
    { url = "https://ms-feed-25.pkgs.visualstudio.com/6f084628-a36d-42cb-934d-057357e379dc/_packaging/49d7402f-07bb-4b18-a9ce-086e6e98a554/pypi/download/numpy/2.4.3/numpy-2.4.3-cp313-cp313-musllinux_1_2_aarch64.whl", hash = "sha256:6bd06731541f89cdc01b261ba2c9e037f1543df7472517836b78dfb15bd6e476" },
    { url = "https://ms-feed-25.pkgs.visualstudio.com/6f084628-a36d-42cb-934d-057357e379dc/_packaging/49d7402f-07bb-4b18-a9ce-086e6e98a554/pypi/download/numpy/2.4.3/numpy-2.4.3-cp313-cp313-musllinux_1_2_x86_64.whl", hash = "sha256:22654fe6be0e5206f553a9250762c653d3698e46686eee53b399ab90da59bd92" },
    { url = "https://ms-feed-25.pkgs.visualstudio.com/6f084628-a36d-42cb-934d-057357e379dc/_packaging/49d7402f-07bb-4b18-a9ce-086e6e98a554/pypi/download/numpy/2.4.3/numpy-2.4.3-cp313-cp313-win32.whl", hash = "sha256:d71e379452a2f670ccb689ec801b1218cd3983e253105d6e83780967e899d687" },
    { url = "https://ms-feed-25.pkgs.visualstudio.com/6f084628-a36d-42cb-934d-057357e379dc/_packaging/49d7402f-07bb-4b18-a9ce-086e6e98a554/pypi/download/numpy/2.4.3/numpy-2.4.3-cp313-cp313-win_amd64.whl", hash = "sha256:0a60e17a14d640f49146cb38e3f105f571318db7826d9b6fef7e4dce758faecd" },
    { url = "https://ms-feed-25.pkgs.visualstudio.com/6f084628-a36d-42cb-934d-057357e379dc/_packaging/49d7402f-07bb-4b18-a9ce-086e6e98a554/pypi/download/numpy/2.4.3/numpy-2.4.3-cp313-cp313-win_arm64.whl", hash = "sha256:c9619741e9da2059cd9c3f206110b97583c7152c1dc9f8aafd4beb450ac1c89d" },
    { url = "https://ms-feed-25.pkgs.visualstudio.com/6f084628-a36d-42cb-934d-057357e379dc/_packaging/49d7402f-07bb-4b18-a9ce-086e6e98a554/pypi/download/numpy/2.4.3/numpy-2.4.3-cp313-cp313t-macosx_11_0_arm64.whl", hash = "sha256:7aa4e54f6469300ebca1d9eb80acd5253cdfa36f2c03d79a35883687da430875" },
    { url = "https://ms-feed-25.pkgs.visualstudio.com/6f084628-a36d-42cb-934d-057357e379dc/_packaging/49d7402f-07bb-4b18-a9ce-086e6e98a554/pypi/download/numpy/2.4.3/numpy-2.4.3-cp313-cp313t-macosx_14_0_arm64.whl", hash = "sha256:d1b90d840b25874cf5cd20c219af10bac3667db3876d9a495609273ebe679070" },
    { url = "https://ms-feed-25.pkgs.visualstudio.com/6f084628-a36d-42cb-934d-057357e379dc/_packaging/49d7402f-07bb-4b18-a9ce-086e6e98a554/pypi/download/numpy/2.4.3/numpy-2.4.3-cp313-cp313t-macosx_14_0_x86_64.whl", hash = "sha256:a749547700de0a20a6718293396ec237bb38218049cfce788e08fcb716e8cf73" },
    { url = "https://ms-feed-25.pkgs.visualstudio.com/6f084628-a36d-42cb-934d-057357e379dc/_packaging/49d7402f-07bb-4b18-a9ce-086e6e98a554/pypi/download/numpy/2.4.3/numpy-2.4.3-cp313-cp313t-manylinux_2_27_aarch64.manylinux_2_28_aarch64.whl", hash = "sha256:94f3c4a151a2e529adf49c1d54f0f57ff8f9b233ee4d44af623a81553ab86368" },
    { url = "https://ms-feed-25.pkgs.visualstudio.com/6f084628-a36d-42cb-934d-057357e379dc/_packaging/49d7402f-07bb-4b18-a9ce-086e6e98a554/pypi/download/numpy/2.4.3/numpy-2.4.3-cp313-cp313t-manylinux_2_27_x86_64.manylinux_2_28_x86_64.whl", hash = "sha256:22c31dc07025123aedf7f2db9e91783df13f1776dc52c6b22c620870dc0fab22" },
    { url = "https://ms-feed-25.pkgs.visualstudio.com/6f084628-a36d-42cb-934d-057357e379dc/_packaging/49d7402f-07bb-4b18-a9ce-086e6e98a554/pypi/download/numpy/2.4.3/numpy-2.4.3-cp313-cp313t-musllinux_1_2_aarch64.whl", hash = "sha256:148d59127ac95979d6f07e4d460f934ebdd6eed641db9c0db6c73026f2b2101a" },
    { url = "https://ms-feed-25.pkgs.visualstudio.com/6f084628-a36d-42cb-934d-057357e379dc/_packaging/49d7402f-07bb-4b18-a9ce-086e6e98a554/pypi/download/numpy/2.4.3/numpy-2.4.3-cp313-cp313t-musllinux_1_2_x86_64.whl", hash = "sha256:a97cbf7e905c435865c2d939af3d93f99d18eaaa3cabe4256f4304fb51604349" },
    { url = "https://ms-feed-25.pkgs.visualstudio.com/6f084628-a36d-42cb-934d-057357e379dc/_packaging/49d7402f-07bb-4b18-a9ce-086e6e98a554/pypi/download/numpy/2.4.3/numpy-2.4.3-cp313-cp313t-win32.whl", hash = "sha256:be3b8487d725a77acccc9924f65fd8bce9af7fac8c9820df1049424a2115af6c" },
    { url = "https://ms-feed-25.pkgs.visualstudio.com/6f084628-a36d-42cb-934d-057357e379dc/_packaging/49d7402f-07bb-4b18-a9ce-086e6e98a554/pypi/download/numpy/2.4.3/numpy-2.4.3-cp313-cp313t-win_amd64.whl", hash = "sha256:1ec84fd7c8e652b0f4aaaf2e6e9cc8eaa9b1b80a537e06b2e3a2fb176eedcb26" },
    { url = "https://ms-feed-25.pkgs.visualstudio.com/6f084628-a36d-42cb-934d-057357e379dc/_packaging/49d7402f-07bb-4b18-a9ce-086e6e98a554/pypi/download/numpy/2.4.3/numpy-2.4.3-cp313-cp313t-win_arm64.whl", hash = "sha256:120df8c0a81ebbf5b9020c91439fccd85f5e018a927a39f624845be194a2be02" },
    { url = "https://ms-feed-25.pkgs.visualstudio.com/6f084628-a36d-42cb-934d-057357e379dc/_packaging/49d7402f-07bb-4b18-a9ce-086e6e98a554/pypi/download/numpy/2.4.3/numpy-2.4.3-cp314-cp314-macosx_10_15_x86_64.whl", hash = "sha256:5884ce5c7acfae1e4e1b6fde43797d10aa506074d25b531b4f54bde33c0c31d4" },
    { url = "https://ms-feed-25.pkgs.visualstudio.com/6f084628-a36d-42cb-934d-057357e379dc/_packaging/49d7402f-07bb-4b18-a9ce-086e6e98a554/pypi/download/numpy/2.4.3/numpy-2.4.3-cp314-cp314-macosx_11_0_arm64.whl", hash = "sha256:297837823f5bc572c5f9379b0c9f3a3365f08492cbdc33bcc3af174372ebb168" },
    { url = "https://ms-feed-25.pkgs.visualstudio.com/6f084628-a36d-42cb-934d-057357e379dc/_packaging/49d7402f-07bb-4b18-a9ce-086e6e98a554/pypi/download/numpy/2.4.3/numpy-2.4.3-cp314-cp314-macosx_14_0_arm64.whl", hash = "sha256:a111698b4a3f8dcbe54c64a7708f049355abd603e619013c346553c1fd4ca90b" },
    { url = "https://ms-feed-25.pkgs.visualstudio.com/6f084628-a36d-42cb-934d-057357e379dc/_packaging/49d7402f-07bb-4b18-a9ce-086e6e98a554/pypi/download/numpy/2.4.3/numpy-2.4.3-cp314-cp314-macosx_14_0_x86_64.whl", hash = "sha256:4bd4741a6a676770e0e97fe9ab2e51de01183df3dcbcec591d26d331a40de950" },
    { url = "https://ms-feed-25.pkgs.visualstudio.com/6f084628-a36d-42cb-934d-057357e379dc/_packaging/49d7402f-07bb-4b18-a9ce-086e6e98a554/pypi/download/numpy/2.4.3/numpy-2.4.3-cp314-cp314-manylinux_2_27_aarch64.manylinux_2_28_aarch64.whl", hash = "sha256:54f29b877279d51e210e0c80709ee14ccbbad647810e8f3d375561c45ef613dd" },
    { url = "https://ms-feed-25.pkgs.visualstudio.com/6f084628-a36d-42cb-934d-057357e379dc/_packaging/49d7402f-07bb-4b18-a9ce-086e6e98a554/pypi/download/numpy/2.4.3/numpy-2.4.3-cp314-cp314-manylinux_2_27_x86_64.manylinux_2_28_x86_64.whl", hash = "sha256:679f2a834bae9020f81534671c56fd0cc76dd7e5182f57131478e23d0dc59e24" },
    { url = "https://ms-feed-25.pkgs.visualstudio.com/6f084628-a36d-42cb-934d-057357e379dc/_packaging/49d7402f-07bb-4b18-a9ce-086e6e98a554/pypi/download/numpy/2.4.3/numpy-2.4.3-cp314-cp314-musllinux_1_2_aarch64.whl", hash = "sha256:d84f0f881cb2225c2dfd7f78a10a5645d487a496c6668d6cc39f0f114164f3d0" },
    { url = "https://ms-feed-25.pkgs.visualstudio.com/6f084628-a36d-42cb-934d-057357e379dc/_packaging/49d7402f-07bb-4b18-a9ce-086e6e98a554/pypi/download/numpy/2.4.3/numpy-2.4.3-cp314-cp314-musllinux_1_2_x86_64.whl", hash = "sha256:d213c7e6e8d211888cc359bab7199670a00f5b82c0978b9d1c75baf1eddbeac0" },
    { url = "https://ms-feed-25.pkgs.visualstudio.com/6f084628-a36d-42cb-934d-057357e379dc/_packaging/49d7402f-07bb-4b18-a9ce-086e6e98a554/pypi/download/numpy/2.4.3/numpy-2.4.3-cp314-cp314-win32.whl", hash = "sha256:52077feedeff7c76ed7c9f1a0428558e50825347b7545bbb8523da2cd55c547a" },
    { url = "https://ms-feed-25.pkgs.visualstudio.com/6f084628-a36d-42cb-934d-057357e379dc/_packaging/49d7402f-07bb-4b18-a9ce-086e6e98a554/pypi/download/numpy/2.4.3/numpy-2.4.3-cp314-cp314-win_amd64.whl", hash = "sha256:0448e7f9caefb34b4b7dd2b77f21e8906e5d6f0365ad525f9f4f530b13df2afc" },
    { url = "https://ms-feed-25.pkgs.visualstudio.com/6f084628-a36d-42cb-934d-057357e379dc/_packaging/49d7402f-07bb-4b18-a9ce-086e6e98a554/pypi/download/numpy/2.4.3/numpy-2.4.3-cp314-cp314-win_arm64.whl", hash = "sha256:b44fd60341c4d9783039598efadd03617fa28d041fc37d22b62d08f2027fa0e7" },
    { url = "https://ms-feed-25.pkgs.visualstudio.com/6f084628-a36d-42cb-934d-057357e379dc/_packaging/49d7402f-07bb-4b18-a9ce-086e6e98a554/pypi/download/numpy/2.4.3/numpy-2.4.3-cp314-cp314t-macosx_11_0_arm64.whl", hash = "sha256:0a195f4216be9305a73c0e91c9b026a35f2161237cf1c6de9b681637772ea657" },
    { url = "https://ms-feed-25.pkgs.visualstudio.com/6f084628-a36d-42cb-934d-057357e379dc/_packaging/49d7402f-07bb-4b18-a9ce-086e6e98a554/pypi/download/numpy/2.4.3/numpy-2.4.3-cp314-cp314t-macosx_14_0_arm64.whl", hash = "sha256:cd32fbacb9fd1bf041bf8e89e4576b6f00b895f06d00914820ae06a616bdfef7" },
    { url = "https://ms-feed-25.pkgs.visualstudio.com/6f084628-a36d-42cb-934d-057357e379dc/_packaging/49d7402f-07bb-4b18-a9ce-086e6e98a554/pypi/download/numpy/2.4.3/numpy-2.4.3-cp314-cp314t-macosx_14_0_x86_64.whl", hash = "sha256:2e03c05abaee1f672e9d67bc858f300b5ccba1c21397211e8d77d98350972093" },
    { url = "https://ms-feed-25.pkgs.visualstudio.com/6f084628-a36d-42cb-934d-057357e379dc/_packaging/49d7402f-07bb-4b18-a9ce-086e6e98a554/pypi/download/numpy/2.4.3/numpy-2.4.3-cp314-cp314t-manylinux_2_27_aarch64.manylinux_2_28_aarch64.whl", hash = "sha256:7d1ce23cce91fcea443320a9d0ece9b9305d4368875bab09538f7a5b4131938a" },
    { url = "https://ms-feed-25.pkgs.visualstudio.com/6f084628-a36d-42cb-934d-057357e379dc/_packaging/49d7402f-07bb-4b18-a9ce-086e6e98a554/pypi/download/numpy/2.4.3/numpy-2.4.3-cp314-cp314t-manylinux_2_27_x86_64.manylinux_2_28_x86_64.whl", hash = "sha256:c59020932feb24ed49ffd03704fbab89f22aa9c0d4b180ff45542fe8918f5611" },
    { url = "https://ms-feed-25.pkgs.visualstudio.com/6f084628-a36d-42cb-934d-057357e379dc/_packaging/49d7402f-07bb-4b18-a9ce-086e6e98a554/pypi/download/numpy/2.4.3/numpy-2.4.3-cp314-cp314t-musllinux_1_2_aarch64.whl", hash = "sha256:9684823a78a6cd6ad7511fc5e25b07947d1d5b5e2812c93fe99d7d4195130720" },
    { url = "https://ms-feed-25.pkgs.visualstudio.com/6f084628-a36d-42cb-934d-057357e379dc/_packaging/49d7402f-07bb-4b18-a9ce-086e6e98a554/pypi/download/numpy/2.4.3/numpy-2.4.3-cp314-cp314t-musllinux_1_2_x86_64.whl", hash = "sha256:0200b25c687033316fb39f0ff4e3e690e8957a2c3c8d22499891ec58c37a3eb5" },
    { url = "https://ms-feed-25.pkgs.visualstudio.com/6f084628-a36d-42cb-934d-057357e379dc/_packaging/49d7402f-07bb-4b18-a9ce-086e6e98a554/pypi/download/numpy/2.4.3/numpy-2.4.3-cp314-cp314t-win32.whl", hash = "sha256:5e10da9e93247e554bb1d22f8edc51847ddd7dde52d85ce31024c1b4312bfba0" },
    { url = "https://ms-feed-25.pkgs.visualstudio.com/6f084628-a36d-42cb-934d-057357e379dc/_packaging/49d7402f-07bb-4b18-a9ce-086e6e98a554/pypi/download/numpy/2.4.3/numpy-2.4.3-cp314-cp314t-win_amd64.whl", hash = "sha256:45f003dbdffb997a03da2d1d0cb41fbd24a87507fb41605c0420a3db5bd4667b" },
    { url = "https://ms-feed-25.pkgs.visualstudio.com/6f084628-a36d-42cb-934d-057357e379dc/_packaging/49d7402f-07bb-4b18-a9ce-086e6e98a554/pypi/download/numpy/2.4.3/numpy-2.4.3-cp314-cp314t-win_arm64.whl", hash = "sha256:4d382735cecd7bcf090172489a525cd7d4087bc331f7df9f60ddc9a296cf208e" },
]

[[package]]
name = "packaging"
version = "26.2"
source = { registry = "https://packagefeedproxy.microsoft.io/pypi/simple" }
sdist = { url = "https://ms-feed-12.pkgs.visualstudio.com/80ca31fc-64d9-45fa-acb1-85ac9c6202b2/_packaging/00cb4235-4c66-4418-be20-d052995979fb/pypi/download/packaging/26.2/packaging-26.2.tar.gz", hash = "sha256:ff452ff5a3e828ce110190feff1178bb1f2ea2281fa2075aadb987c2fb221661" }
wheels = [
    { url = "https://ms-feed-12.pkgs.visualstudio.com/80ca31fc-64d9-45fa-acb1-85ac9c6202b2/_packaging/00cb4235-4c66-4418-be20-d052995979fb/pypi/download/packaging/26.2/packaging-26.2-py3-none-any.whl", hash = "sha256:5fc45236b9446107ff2415ce77c807cee2862cb6fac22b8a73826d0693b0980e" },
]

[[package]]
name = "pluggy"
version = "1.6.0"
source = { registry = "https://packagefeedproxy.microsoft.io/pypi/simple" }
sdist = { url = "https://ms-feed-25.pkgs.visualstudio.com/6f084628-a36d-42cb-934d-057357e379dc/_packaging/49d7402f-07bb-4b18-a9ce-086e6e98a554/pypi/download/pluggy/1.6/pluggy-1.6.0.tar.gz", hash = "sha256:7dcc130b76258d33b90f61b658791dede3486c3e6bfb003ee5c9bfb396dd22f3" }
wheels = [
    { url = "https://ms-feed-25.pkgs.visualstudio.com/6f084628-a36d-42cb-934d-057357e379dc/_packaging/49d7402f-07bb-4b18-a9ce-086e6e98a554/pypi/download/pluggy/1.6/pluggy-1.6.0-py3-none-any.whl", hash = "sha256:e920276dd6813095e9377c0bc5566d94c932c33b27a3e3945d8389c374dd4746" },
]

[[package]]
name = "psycopg-binary"
version = "3.3.3"
source = { registry = "https://packagefeedproxy.microsoft.io/pypi/simple" }
wheels = [
    { url = "https://ms-feed-17.pkgs.visualstudio.com/02a0e93b-9e7a-46f6-8851-5a56920f8f7e/_packaging/2aa351dc-4441-4d20-a430-25f505f2a55a/pypi/download/psycopg-binary/3.3.3/psycopg_binary-3.3.3-cp313-cp313-macosx_10_13_x86_64.whl", hash = "sha256:05f32239aec25c5fb15f7948cffdc2dc0dac098e48b80a140e4ba32b572a2e7d" },
    { url = "https://ms-feed-17.pkgs.visualstudio.com/02a0e93b-9e7a-46f6-8851-5a56920f8f7e/_packaging/2aa351dc-4441-4d20-a430-25f505f2a55a/pypi/download/psycopg-binary/3.3.3/psycopg_binary-3.3.3-cp313-cp313-macosx_11_0_arm64.whl", hash = "sha256:7c84f9d214f2d1de2fafebc17fa68ac3f6561a59e291553dfc45ad299f4898c1" },
    { url = "https://ms-feed-17.pkgs.visualstudio.com/02a0e93b-9e7a-46f6-8851-5a56920f8f7e/_packaging/2aa351dc-4441-4d20-a430-25f505f2a55a/pypi/download/psycopg-binary/3.3.3/psycopg_binary-3.3.3-cp313-cp313-manylinux2014_ppc64le.manylinux_2_17_ppc64le.whl", hash = "sha256:e77957d2ba17cada11be09a5066d93026cdb61ada7c8893101d7fe1c6e1f3925" },
    { url = "https://ms-feed-17.pkgs.visualstudio.com/02a0e93b-9e7a-46f6-8851-5a56920f8f7e/_packaging/2aa351dc-4441-4d20-a430-25f505f2a55a/pypi/download/psycopg-binary/3.3.3/psycopg_binary-3.3.3-cp313-cp313-manylinux2014_x86_64.manylinux_2_17_x86_64.whl", hash = "sha256:42961609ac07c232a427da7c87a468d3c82fee6762c220f38e37cfdacb2b178d" },
    { url = "https://ms-feed-17.pkgs.visualstudio.com/02a0e93b-9e7a-46f6-8851-5a56920f8f7e/_packaging/2aa351dc-4441-4d20-a430-25f505f2a55a/pypi/download/psycopg-binary/3.3.3/psycopg_binary-3.3.3-cp313-cp313-manylinux_2_27_aarch64.manylinux_2_28_aarch64.whl", hash = "sha256:ae07a3114313dd91fce686cab2f4c44af094398519af0e0f854bc707e1aeedf1" },
    { url = "https://ms-feed-17.pkgs.visualstudio.com/02a0e93b-9e7a-46f6-8851-5a56920f8f7e/_packaging/2aa351dc-4441-4d20-a430-25f505f2a55a/pypi/download/psycopg-binary/3.3.3/psycopg_binary-3.3.3-cp313-cp313-manylinux_2_38_riscv64.manylinux_2_39_riscv64.whl", hash = "sha256:d257c58d7b36a621dcce1d01476ad8b60f12d80eb1406aee4cf796f88b2ae482" },
    { url = "https://ms-feed-17.pkgs.visualstudio.com/02a0e93b-9e7a-46f6-8851-5a56920f8f7e/_packaging/2aa351dc-4441-4d20-a430-25f505f2a55a/pypi/download/psycopg-binary/3.3.3/psycopg_binary-3.3.3-cp313-cp313-musllinux_1_2_aarch64.whl", hash = "sha256:07c7211f9327d522c9c47560cae00a4ecf6687f4e02d779d035dd3177b41cb12" },
    { url = "https://ms-feed-17.pkgs.visualstudio.com/02a0e93b-9e7a-46f6-8851-5a56920f8f7e/_packaging/2aa351dc-4441-4d20-a430-25f505f2a55a/pypi/download/psycopg-binary/3.3.3/psycopg_binary-3.3.3-cp313-cp313-musllinux_1_2_ppc64le.whl", hash = "sha256:8e7e9eca9b363dbedeceeadd8be97149d2499081f3c52d141d7cd1f395a91f83" },
    { url = "https://ms-feed-17.pkgs.visualstudio.com/02a0e93b-9e7a-46f6-8851-5a56920f8f7e/_packaging/2aa351dc-4441-4d20-a430-25f505f2a55a/pypi/download/psycopg-binary/3.3.3/psycopg_binary-3.3.3-cp313-cp313-musllinux_1_2_riscv64.whl", hash = "sha256:cb85b1d5702877c16f28d7b92ba030c1f49ebcc9b87d03d8c10bf45a2f1c7508" },
    { url = "https://ms-feed-17.pkgs.visualstudio.com/02a0e93b-9e7a-46f6-8851-5a56920f8f7e/_packaging/2aa351dc-4441-4d20-a430-25f505f2a55a/pypi/download/psycopg-binary/3.3.3/psycopg_binary-3.3.3-cp313-cp313-musllinux_1_2_x86_64.whl", hash = "sha256:4d4606c84d04b80f9138d72f1e28c6c02dc5ae0c7b8f3f8aaf89c681ce1cd1b1" },
    { url = "https://ms-feed-17.pkgs.visualstudio.com/02a0e93b-9e7a-46f6-8851-5a56920f8f7e/_packaging/2aa351dc-4441-4d20-a430-25f505f2a55a/pypi/download/psycopg-binary/3.3.3/psycopg_binary-3.3.3-cp313-cp313-win_amd64.whl", hash = "sha256:74eae563166ebf74e8d950ff359be037b85723d99ca83f57d9b244a871d6c13b" },
    { url = "https://ms-feed-17.pkgs.visualstudio.com/02a0e93b-9e7a-46f6-8851-5a56920f8f7e/_packaging/2aa351dc-4441-4d20-a430-25f505f2a55a/pypi/download/psycopg-binary/3.3.3/psycopg_binary-3.3.3-cp314-cp314-macosx_10_15_x86_64.whl", hash = "sha256:497852c5eaf1f0c2d88ab74a64a8097c099deac0c71de1cbcf18659a8a04a4b2" },
    { url = "https://ms-feed-17.pkgs.visualstudio.com/02a0e93b-9e7a-46f6-8851-5a56920f8f7e/_packaging/2aa351dc-4441-4d20-a430-25f505f2a55a/pypi/download/psycopg-binary/3.3.3/psycopg_binary-3.3.3-cp314-cp314-macosx_11_0_arm64.whl", hash = "sha256:258d1ea53464d29768bf25930f43291949f4c7becc706f6e220c515a63a24edd" },
    { url = "https://ms-feed-17.pkgs.visualstudio.com/02a0e93b-9e7a-46f6-8851-5a56920f8f7e/_packaging/2aa351dc-4441-4d20-a430-25f505f2a55a/pypi/download/psycopg-binary/3.3.3/psycopg_binary-3.3.3-cp314-cp314-manylinux2014_ppc64le.manylinux_2_17_ppc64le.whl", hash = "sha256:111c59897a452196116db12e7f608da472fbff000693a21040e35fc978b23430" },
    { url = "https://ms-feed-17.pkgs.visualstudio.com/02a0e93b-9e7a-46f6-8851-5a56920f8f7e/_packaging/2aa351dc-4441-4d20-a430-25f505f2a55a/pypi/download/psycopg-binary/3.3.3/psycopg_binary-3.3.3-cp314-cp314-manylinux2014_x86_64.manylinux_2_17_x86_64.whl", hash = "sha256:17bb6600e2455993946385249a3c3d0af52cd70c1c1cdbf712e9d696d0b0bf1b" },
    { url = "https://ms-feed-17.pkgs.visualstudio.com/02a0e93b-9e7a-46f6-8851-5a56920f8f7e/_packaging/2aa351dc-4441-4d20-a430-25f505f2a55a/pypi/download/psycopg-binary/3.3.3/psycopg_binary-3.3.3-cp314-cp314-manylinux_2_27_aarch64.manylinux_2_28_aarch64.whl", hash = "sha256:642050398583d61c9856210568eb09a8e4f2fe8224bf3be21b67a370e677eead" },
    { url = "https://ms-feed-17.pkgs.visualstudio.com/02a0e93b-9e7a-46f6-8851-5a56920f8f7e/_packaging/2aa351dc-4441-4d20-a430-25f505f2a55a/pypi/download/psycopg-binary/3.3.3/psycopg_binary-3.3.3-cp314-cp314-manylinux_2_38_riscv64.manylinux_2_39_riscv64.whl", hash = "sha256:533efe6dc3a7cba5e2a84e38970786bb966306863e45f3db152007e9f48638a6" },
    { url = "https://ms-feed-17.pkgs.visualstudio.com/02a0e93b-9e7a-46f6-8851-5a56920f8f7e/_packaging/2aa351dc-4441-4d20-a430-25f505f2a55a/pypi/download/psycopg-binary/3.3.3/psycopg_binary-3.3.3-cp314-cp314-musllinux_1_2_aarch64.whl", hash = "sha256:5958dbf28b77ce2033482f6cb9ef04d43f5d8f4b7636e6963d5626f000efb23e" },
    { url = "https://ms-feed-17.pkgs.visualstudio.com/02a0e93b-9e7a-46f6-8851-5a56920f8f7e/_packaging/2aa351dc-4441-4d20-a430-25f505f2a55a/pypi/download/psycopg-binary/3.3.3/psycopg_binary-3.3.3-cp314-cp314-musllinux_1_2_ppc64le.whl", hash = "sha256:a6af77b6626ce92b5817bf294b4d45ec1a6161dba80fc2d82cdffdd6814fd023" },
    { url = "https://ms-feed-17.pkgs.visualstudio.com/02a0e93b-9e7a-46f6-8851-5a56920f8f7e/_packaging/2aa351dc-4441-4d20-a430-25f505f2a55a/pypi/download/psycopg-binary/3.3.3/psycopg_binary-3.3.3-cp314-cp314-musllinux_1_2_riscv64.whl", hash = "sha256:47f06fcbe8542b4d96d7392c476a74ada521c5aebdb41c3c0155f6595fc14c8d" },
    { url = "https://ms-feed-17.pkgs.visualstudio.com/02a0e93b-9e7a-46f6-8851-5a56920f8f7e/_packaging/2aa351dc-4441-4d20-a430-25f505f2a55a/pypi/download/psycopg-binary/3.3.3/psycopg_binary-3.3.3-cp314-cp314-musllinux_1_2_x86_64.whl", hash = "sha256:e7800e6c6b5dc4b0ca7cc7370f770f53ac83886b76afda0848065a674231e856" },
    { url = "https://ms-feed-17.pkgs.visualstudio.com/02a0e93b-9e7a-46f6-8851-5a56920f8f7e/_packaging/2aa351dc-4441-4d20-a430-25f505f2a55a/pypi/download/psycopg-binary/3.3.3/psycopg_binary-3.3.3-cp314-cp314-win_amd64.whl", hash = "sha256:165f22ab5a9513a3d7425ffb7fcc7955ed8ccaeef6d37e369d6cc1dff1582383" },
]

[[package]]
name = "psycopg-pool"
version = "3.3.0"
source = { registry = "https://packagefeedproxy.microsoft.io/pypi/simple" }
dependencies = [
    { name = "typing-extensions" },
]
sdist = { url = "https://ms-feed-2.pkgs.visualstudio.com/f5581750-f66a-4ee8-b9cc-8269930bd7c4/_packaging/637e612b-d5d4-45c1-8a31-e0deb2a5a828/pypi/download/psycopg-pool/3.3/psycopg_pool-3.3.0.tar.gz", hash = "sha256:fa115eb2860bd88fce1717d75611f41490dec6135efb619611142b24da3f6db5" }
wheels = [
    { url = "https://ms-feed-2.pkgs.visualstudio.com/f5581750-f66a-4ee8-b9cc-8269930bd7c4/_packaging/637e612b-d5d4-45c1-8a31-e0deb2a5a828/pypi/download/psycopg-pool/3.3/psycopg_pool-3.3.0-py3-none-any.whl", hash = "sha256:2e44329155c410b5e8666372db44276a8b1ebd8c90f1c3026ebba40d4bc81063" },
]

[[package]]
name = "pygments"
version = "2.20.0"
source = { registry = "https://packagefeedproxy.microsoft.io/pypi/simple" }
sdist = { url = "https://ms-feed-2.pkgs.visualstudio.com/f5581750-f66a-4ee8-b9cc-8269930bd7c4/_packaging/637e612b-d5d4-45c1-8a31-e0deb2a5a828/pypi/download/pygments/2.20/pygments-2.20.0.tar.gz", hash = "sha256:6757cd03768053ff99f3039c1a36d6c0aa0b263438fcab17520b30a303a82b5f" }
wheels = [
    { url = "https://ms-feed-2.pkgs.visualstudio.com/f5581750-f66a-4ee8-b9cc-8269930bd7c4/_packaging/637e612b-d5d4-45c1-8a31-e0deb2a5a828/pypi/download/pygments/2.20/pygments-2.20.0-py3-none-any.whl", hash = "sha256:81a9e26dd42fd28a23a2d169d86d7ac03b46e2f8b59ed4698fb4785f946d0176" },
]

[[package]]
name = "pytest"
version = "9.1.1"
source = { registry = "https://packagefeedproxy.microsoft.io/pypi/simple" }
dependencies = [
    { name = "colorama", marker = "sys_platform == 'win32'" },
    { name = "iniconfig" },
    { name = "packaging" },
    { name = "pluggy" },
    { name = "pygments" },
]
sdist = { url = "https://ms-feed-25.pkgs.visualstudio.com/6f084628-a36d-42cb-934d-057357e379dc/_packaging/49d7402f-07bb-4b18-a9ce-086e6e98a554/pypi/download/pytest/9.1.1/pytest-9.1.1.tar.gz", hash = "sha256:1088fbde8f2b49d95a549a195707afa7a76a3ce9bcadc26b6d71f0ffda5fe313" }
wheels = [
    { url = "https://ms-feed-25.pkgs.visualstudio.com/6f084628-a36d-42cb-934d-057357e379dc/_packaging/49d7402f-07bb-4b18-a9ce-086e6e98a554/pypi/download/pytest/9.1.1/pytest-9.1.1-py3-none-any.whl", hash = "sha256:37a86b45efb9a47a61a36449063e8e18d0cab3161329fc099eb21783169c4f0c" },
]

[[package]]
name = "pytest-cov"
version = "7.1.0"
source = { registry = "https://packagefeedproxy.microsoft.io/pypi/simple" }
dependencies = [
    { name = "coverage" },
    { name = "pluggy" },
    { name = "pytest" },
]
sdist = { url = "https://ms-feed-2.pkgs.visualstudio.com/f5581750-f66a-4ee8-b9cc-8269930bd7c4/_packaging/637e612b-d5d4-45c1-8a31-e0deb2a5a828/pypi/download/pytest-cov/7.1/pytest_cov-7.1.0.tar.gz", hash = "sha256:30674f2b5f6351aa09702a9c8c364f6a01c27aae0c1366ae8016160d1efc56b2" }
wheels = [
    { url = "https://ms-feed-2.pkgs.visualstudio.com/f5581750-f66a-4ee8-b9cc-8269930bd7c4/_packaging/637e612b-d5d4-45c1-8a31-e0deb2a5a828/pypi/download/pytest-cov/7.1/pytest_cov-7.1.0-py3-none-any.whl", hash = "sha256:a0461110b7865f9a271aa1b51e516c9a95de9d696734a2f71e3e78f46e1d4678" },
]

[[package]]
name = "pytz"
version = "2026.1.post1"
source = { registry = "https://packagefeedproxy.microsoft.io/pypi/simple" }
sdist = { url = "https://ms-feed-25.pkgs.visualstudio.com/6f084628-a36d-42cb-934d-057357e379dc/_packaging/49d7402f-07bb-4b18-a9ce-086e6e98a554/pypi/download/pytz/2026.1.post1/pytz-2026.1.post1.tar.gz", hash = "sha256:3378dde6a0c3d26719182142c56e60c7f9af7e968076f31aae569d72a0358ee1" }
wheels = [
    { url = "https://ms-feed-25.pkgs.visualstudio.com/6f084628-a36d-42cb-934d-057357e379dc/_packaging/49d7402f-07bb-4b18-a9ce-086e6e98a554/pypi/download/pytz/2026.1.post1/pytz-2026.1.post1-py2.py3-none-any.whl", hash = "sha256:f2fd16142fda348286a75e1a524be810bb05d444e5a081f37f7affc635035f7a" },
]

[[package]]
name = "shtab"
version = "1.8.0"
source = { registry = "https://packagefeedproxy.microsoft.io/pypi/simple" }
sdist = { url = "https://ms-feed-2.pkgs.visualstudio.com/f5581750-f66a-4ee8-b9cc-8269930bd7c4/_packaging/637e612b-d5d4-45c1-8a31-e0deb2a5a828/pypi/download/shtab/1.8/shtab-1.8.0.tar.gz", hash = "sha256:75f16d42178882b7f7126a0c2cb3c848daed2f4f5a276dd1ded75921cc4d073a" }
wheels = [
    { url = "https://ms-feed-2.pkgs.visualstudio.com/f5581750-f66a-4ee8-b9cc-8269930bd7c4/_packaging/637e612b-d5d4-45c1-8a31-e0deb2a5a828/pypi/download/shtab/1.8/shtab-1.8.0-py3-none-any.whl", hash = "sha256:f0922a82174b4007e06ac0bac4f79abd826c5cca88e201bfd927f889803c571d" },
]

[[package]]
name = "typing-extensions"
version = "4.15.0"
source = { registry = "https://packagefeedproxy.microsoft.io/pypi/simple" }
sdist = { url = "https://ms-feed-25.pkgs.visualstudio.com/6f084628-a36d-42cb-934d-057357e379dc/_packaging/49d7402f-07bb-4b18-a9ce-086e6e98a554/pypi/download/typing-extensions/4.15/typing_extensions-4.15.0.tar.gz", hash = "sha256:0cea48d173cc12fa28ecabc3b837ea3cf6f38c6d1136f85cbaaf598984861466" }
wheels = [
    { url = "https://ms-feed-25.pkgs.visualstudio.com/6f084628-a36d-42cb-934d-057357e379dc/_packaging/49d7402f-07bb-4b18-a9ce-086e6e98a554/pypi/download/typing-extensions/4.15/typing_extensions-4.15.0-py3-none-any.whl", hash = "sha256:f0fa19c6845758ab08074a0cfa8b7aecb71c999ca73d62883bc25cc018c4e548" },
]
