version = 1
revision = 1
requires-python = ">=3.13"

[[package]]
name = "agefreighter"
version = "1.0.6"
source = { editable = "." }
dependencies = [
    { name = "aiofiles" },
    { name = "argcomplete" },
    { name = "numpy" },
    { name = "psycopg", extra = ["binary", "pool"] },
    { name = "shtab" },
]

[package.dev-dependencies]
dev = [
    { name = "neo4j" },
]

[package.metadata]
requires-dist = [
    { name = "aiofiles", specifier = ">=24.1.0" },
    { name = "argcomplete", specifier = ">=3.6.1" },
    { name = "numpy", specifier = ">=2.2.5" },
    { name = "psycopg", extras = ["binary", "pool"], specifier = ">=3.2.7" },
    { name = "shtab", specifier = ">=1.7.2" },
]

[package.metadata.requires-dev]
dev = [{ name = "neo4j", specifier = ">=5.28.1" }]

[[package]]
name = "aiofiles"
version = "24.1.0"
source = { registry = "https://pypi.org/simple" }
sdist = { url = "https://files.pythonhosted.org/packages/0b/03/a88171e277e8caa88a4c77808c20ebb04ba74cc4681bf1e9416c862de237/aiofiles-24.1.0.tar.gz", hash = "sha256:22a075c9e5a3810f0c2e48f3008c94d68c65d763b9b03857924c99e57355166c", size = 30247 }
wheels = [
    { url = "https://files.pythonhosted.org/packages/a5/45/30bb92d442636f570cb5651bc661f52b610e2eec3f891a5dc3a4c3667db0/aiofiles-24.1.0-py3-none-any.whl", hash = "sha256:b4ec55f4195e3eb5d7abd1bf7e061763e864dd4954231fb8539a0ef8bb8260e5", size = 15896 },
]

[[package]]
name = "argcomplete"
version = "3.6.2"
source = { registry = "https://pypi.org/simple" }
sdist = { url = "https://files.pythonhosted.org/packages/16/0f/861e168fc813c56a78b35f3c30d91c6757d1fd185af1110f1aec784b35d0/argcomplete-3.6.2.tar.gz", hash = "sha256:d0519b1bc867f5f4f4713c41ad0aba73a4a5f007449716b16f385f2166dc6adf", size = 73403 }
wheels = [
    { url = "https://files.pythonhosted.org/packages/31/da/e42d7a9d8dd33fa775f467e4028a47936da2f01e4b0e561f9ba0d74cb0ca/argcomplete-3.6.2-py3-none-any.whl", hash = "sha256:65b3133a29ad53fb42c48cf5114752c7ab66c1c38544fdf6460f450c09b42591", size = 43708 },
]

[[package]]
name = "neo4j"
version = "5.28.1"
source = { registry = "https://pypi.org/simple" }
dependencies = [
    { name = "pytz" },
]
sdist = { url = "https://files.pythonhosted.org/packages/4b/20/733dac16f7cedc80b23093415822c9763302519cba0e7c8bcdb5c01fc512/neo4j-5.28.1.tar.gz", hash = "sha256:ae8e37a1d895099062c75bc359b2cce62099baac7be768d0eba7180c1298e214", size = 231094 }
wheels = [
    { url = "https://files.pythonhosted.org/packages/6a/57/94225fe5e9dabdc0ff60c88cbfcedf11277f4b34e7ab1373d3e62dbdd207/neo4j-5.28.1-py3-none-any.whl", hash = "sha256:6755ef9e5f4e14b403aef1138fb6315b120631a0075c138b5ddb2a06b87b09fd", size = 312258 },
]

[[package]]
name = "numpy"
version = "2.2.5"
source = { registry = "https://pypi.org/simple" }
sdist = { url = "https://files.pythonhosted.org/packages/dc/b2/ce4b867d8cd9c0ee84938ae1e6a6f7926ebf928c9090d036fc3c6a04f946/numpy-2.2.5.tar.gz", hash = "sha256:a9c0d994680cd991b1cb772e8b297340085466a6fe964bc9d4e80f5e2f43c291", size = 20273920 }
wheels = [
    { url = "https://files.pythonhosted.org/packages/e2/a0/0aa7f0f4509a2e07bd7a509042967c2fab635690d4f48c6c7b3afd4f448c/numpy-2.2.5-cp313-cp313-macosx_10_13_x86_64.whl", hash = "sha256:059b51b658f4414fff78c6d7b1b4e18283ab5fa56d270ff212d5ba0c561846f4", size = 20935102 },
    { url = "https://files.pythonhosted.org/packages/7e/e4/a6a9f4537542912ec513185396fce52cdd45bdcf3e9d921ab02a93ca5aa9/numpy-2.2.5-cp313-cp313-macosx_11_0_arm64.whl", hash = "sha256:47f9ed103af0bc63182609044b0490747e03bd20a67e391192dde119bf43d52f", size = 14191709 },
    { url = "https://files.pythonhosted.org/packages/be/65/72f3186b6050bbfe9c43cb81f9df59ae63603491d36179cf7a7c8d216758/numpy-2.2.5-cp313-cp313-macosx_14_0_arm64.whl", hash = "sha256:261a1ef047751bb02f29dfe337230b5882b54521ca121fc7f62668133cb119c9", size = 5149173 },
    { url = "https://files.pythonhosted.org/packages/e5/e9/83e7a9432378dde5802651307ae5e9ea07bb72b416728202218cd4da2801/numpy-2.2.5-cp313-cp313-macosx_14_0_x86_64.whl", hash = "sha256:4520caa3807c1ceb005d125a75e715567806fed67e315cea619d5ec6e75a4191", size = 6684502 },
    { url = "https://files.pythonhosted.org/packages/ea/27/b80da6c762394c8ee516b74c1f686fcd16c8f23b14de57ba0cad7349d1d2/numpy-2.2.5-cp313-cp313-manylinux_2_17_aarch64.manylinux2014_aarch64.whl", hash = "sha256:3d14b17b9be5f9c9301f43d2e2a4886a33b53f4e6fdf9ca2f4cc60aeeee76372", size = 14084417 },
    { url = "https://files.pythonhosted.org/packages/aa/fc/ebfd32c3e124e6a1043e19c0ab0769818aa69050ce5589b63d05ff185526/numpy-2.2.5-cp313-cp313-manylinux_2_17_x86_64.manylinux2014_x86_64.whl", hash = "sha256:2ba321813a00e508d5421104464510cc962a6f791aa2fca1c97b1e65027da80d", size = 16133807 },
    { url = "https://files.pythonhosted.org/packages/bf/9b/4cc171a0acbe4666f7775cfd21d4eb6bb1d36d3a0431f48a73e9212d2278/numpy-2.2.5-cp313-cp313-musllinux_1_2_aarch64.whl", hash = "sha256:a4cbdef3ddf777423060c6f81b5694bad2dc9675f110c4b2a60dc0181543fac7", size = 15575611 },
    { url = "https://files.pythonhosted.org/packages/a3/45/40f4135341850df48f8edcf949cf47b523c404b712774f8855a64c96ef29/numpy-2.2.5-cp313-cp313-musllinux_1_2_x86_64.whl", hash = "sha256:54088a5a147ab71a8e7fdfd8c3601972751ded0739c6b696ad9cb0343e21ab73", size = 17895747 },
    { url = "https://files.pythonhosted.org/packages/f8/4c/b32a17a46f0ffbde8cc82df6d3daeaf4f552e346df143e1b188a701a8f09/numpy-2.2.5-cp313-cp313-win32.whl", hash = "sha256:c8b82a55ef86a2d8e81b63da85e55f5537d2157165be1cb2ce7cfa57b6aef38b", size = 6309594 },
    { url = "https://files.pythonhosted.org/packages/13/ae/72e6276feb9ef06787365b05915bfdb057d01fceb4a43cb80978e518d79b/numpy-2.2.5-cp313-cp313-win_amd64.whl", hash = "sha256:d8882a829fd779f0f43998e931c466802a77ca1ee0fe25a3abe50278616b1471", size = 12638356 },
    { url = "https://files.pythonhosted.org/packages/79/56/be8b85a9f2adb688e7ded6324e20149a03541d2b3297c3ffc1a73f46dedb/numpy-2.2.5-cp313-cp313t-macosx_10_13_x86_64.whl", hash = "sha256:e8b025c351b9f0e8b5436cf28a07fa4ac0204d67b38f01433ac7f9b870fa38c6", size = 20963778 },
    { url = "https://files.pythonhosted.org/packages/ff/77/19c5e62d55bff507a18c3cdff82e94fe174957bad25860a991cac719d3ab/numpy-2.2.5-cp313-cp313t-macosx_11_0_arm64.whl", hash = "sha256:8dfa94b6a4374e7851bbb6f35e6ded2120b752b063e6acdd3157e4d2bb922eba", size = 14207279 },
    { url = "https://files.pythonhosted.org/packages/75/22/aa11f22dc11ff4ffe4e849d9b63bbe8d4ac6d5fae85ddaa67dfe43be3e76/numpy-2.2.5-cp313-cp313t-macosx_14_0_arm64.whl", hash = "sha256:97c8425d4e26437e65e1d189d22dff4a079b747ff9c2788057bfb8114ce1e133", size = 5199247 },
    { url = "https://files.pythonhosted.org/packages/4f/6c/12d5e760fc62c08eded0394f62039f5a9857f758312bf01632a81d841459/numpy-2.2.5-cp313-cp313t-macosx_14_0_x86_64.whl", hash = "sha256:352d330048c055ea6db701130abc48a21bec690a8d38f8284e00fab256dc1376", size = 6711087 },
    { url = "https://files.pythonhosted.org/packages/ef/94/ece8280cf4218b2bee5cec9567629e61e51b4be501e5c6840ceb593db945/numpy-2.2.5-cp313-cp313t-manylinux_2_17_aarch64.manylinux2014_aarch64.whl", hash = "sha256:8b4c0773b6ada798f51f0f8e30c054d32304ccc6e9c5d93d46cb26f3d385ab19", size = 14059964 },
    { url = "https://files.pythonhosted.org/packages/39/41/c5377dac0514aaeec69115830a39d905b1882819c8e65d97fc60e177e19e/numpy-2.2.5-cp313-cp313t-manylinux_2_17_x86_64.manylinux2014_x86_64.whl", hash = "sha256:55f09e00d4dccd76b179c0f18a44f041e5332fd0e022886ba1c0bbf3ea4a18d0", size = 16121214 },
    { url = "https://files.pythonhosted.org/packages/db/54/3b9f89a943257bc8e187145c6bc0eb8e3d615655f7b14e9b490b053e8149/numpy-2.2.5-cp313-cp313t-musllinux_1_2_aarch64.whl", hash = "sha256:02f226baeefa68f7d579e213d0f3493496397d8f1cff5e2b222af274c86a552a", size = 15575788 },
    { url = "https://files.pythonhosted.org/packages/b1/c4/2e407e85df35b29f79945751b8f8e671057a13a376497d7fb2151ba0d290/numpy-2.2.5-cp313-cp313t-musllinux_1_2_x86_64.whl", hash = "sha256:c26843fd58f65da9491165072da2cccc372530681de481ef670dcc8e27cfb066", size = 17893672 },
    { url = "https://files.pythonhosted.org/packages/29/7e/d0b44e129d038dba453f00d0e29ebd6eaf2f06055d72b95b9947998aca14/numpy-2.2.5-cp313-cp313t-win32.whl", hash = "sha256:1a161c2c79ab30fe4501d5a2bbfe8b162490757cf90b7f05be8b80bc02f7bb8e", size = 6377102 },
    { url = "https://files.pythonhosted.org/packages/63/be/b85e4aa4bf42c6502851b971f1c326d583fcc68227385f92089cf50a7b45/numpy-2.2.5-cp313-cp313t-win_amd64.whl", hash = "sha256:d403c84991b5ad291d3809bace5e85f4bbf44a04bdc9a88ed2bb1807b3360bb8", size = 12750096 },
]

[[package]]
name = "psycopg"
version = "3.2.7"
source = { registry = "https://pypi.org/simple" }
dependencies = [
    { name = "tzdata", marker = "sys_platform == 'win32'" },
]
sdist = { url = "https://files.pythonhosted.org/packages/fe/16/ca27b38762a630b70243f51eb6a728f903a17cddc4961626fa540577aba6/psycopg-3.2.7.tar.gz", hash = "sha256:9afa609c7ebf139827a38c0bf61be9c024a3ed743f56443de9d38e1efc260bf3", size = 157238 }
wheels = [
    { url = "https://files.pythonhosted.org/packages/cb/eb/6e32d259437125a17b0bc2624e06c86149c618501da1dcbc8539b2684f6f/psycopg-3.2.7-py3-none-any.whl", hash = "sha256:d39747d2d5b9658b69fa462ad21d31f1ba4a5722ad1d0cb952552bc0b4125451", size = 200028 },
]

[package.optional-dependencies]
binary = [
    { name = "psycopg-binary", marker = "implementation_name != 'pypy'" },
]
pool = [
    { name = "psycopg-pool" },
]

[[package]]
name = "psycopg-binary"
version = "3.2.7"
source = { registry = "https://pypi.org/simple" }
wheels = [
    { url = "https://files.pythonhosted.org/packages/3f/c8/590d8ca19e66810f7943a5c325f18bd29be472d2fa1bbee93905623a26fa/psycopg_binary-3.2.7-cp313-cp313-macosx_10_13_x86_64.whl", hash = "sha256:3b280862c623616e0ced03602c98b44f51ab8cdaaad31f6b3523a2a68b2f92a4", size = 3853314 },
    { url = "https://files.pythonhosted.org/packages/38/18/af7db2c61d50f86f38ba6d7e5b6aff4d138b9238f5cb9d6c57b49e80eb21/psycopg_binary-3.2.7-cp313-cp313-macosx_11_0_arm64.whl", hash = "sha256:add318f12dc2be4d8a817e70c38cfd23a2af80ff6f871089e63012b62bf96f00", size = 3937308 },
    { url = "https://files.pythonhosted.org/packages/c4/a4/d483311c22d4ae7a31dd643926309c480a54252ecb27a8fba654dba1753b/psycopg_binary-3.2.7-cp313-cp313-manylinux_2_17_aarch64.manylinux2014_aarch64.whl", hash = "sha256:03994806e62e795b1b286c60bb5d23e1cc3982b06192e87ec4dff0a0f7c528e2", size = 4500116 },
    { url = "https://files.pythonhosted.org/packages/82/03/7047b4247a578fe296510e10c1ebcdf42009f4c022f924f697a6145a1062/psycopg_binary-3.2.7-cp313-cp313-manylinux_2_17_i686.manylinux2014_i686.whl", hash = "sha256:77709be5dc45828ca06d9d87fa7b065720fb87b1aa3e72d44177562f1df50ad2", size = 4312005 },
    { url = "https://files.pythonhosted.org/packages/5b/a4/28dec7beddea4a93089dfa4692124a057914f0e6f5164712f9ae7ee97a8b/psycopg_binary-3.2.7-cp313-cp313-manylinux_2_17_ppc64le.manylinux2014_ppc64le.whl", hash = "sha256:64d959a17ac2f1ff87a191786f66ae452791fbe73cee7375f2dafd2696e605a9", size = 4548230 },
    { url = "https://files.pythonhosted.org/packages/51/ac/4b7e86fec44c428f27f28d742c13568419cc3d2a2b4dcc1be9b266ee9123/psycopg_binary-3.2.7-cp313-cp313-manylinux_2_17_x86_64.manylinux2014_x86_64.whl", hash = "sha256:239e24fa33c6213320da0aee72d541e4780adb21753fc692337043c235118cf1", size = 4262584 },
    { url = "https://files.pythonhosted.org/packages/05/b6/814805218644a0865c529221cc3413adba25b0d80a7db5f3e50e25c539ce/psycopg_binary-3.2.7-cp313-cp313-musllinux_1_2_aarch64.whl", hash = "sha256:d31c0523e0294e008d9031f2f2034a010f043ae8c7af0589d614b0bf6ed6e6aa", size = 3755762 },
    { url = "https://files.pythonhosted.org/packages/58/b8/efa94ca4aff949324a52bdf62a9518939375af3048b7d025620d0e385ef8/psycopg_binary-3.2.7-cp313-cp313-musllinux_1_2_i686.whl", hash = "sha256:a15c88f1695c8dc8b90625931fe86909c74f7770bad7312999ee6babb0143dcc", size = 3319679 },
    { url = "https://files.pythonhosted.org/packages/0e/3f/dd3a912abaa4ff2816e9a1e90c775f33315278f7d01621e874f5b5e83ada/psycopg_binary-3.2.7-cp313-cp313-musllinux_1_2_ppc64le.whl", hash = "sha256:3c02790afcc6d82d1b9d886d9323f955c5c998693966c4c1e6d0ff9a96276a1e", size = 3409378 },
    { url = "https://files.pythonhosted.org/packages/35/44/1ee04f0eae2dd9a75cf519792e95a00d5c7eb91b8ec341e2660fd0b4a033/psycopg_binary-3.2.7-cp313-cp313-musllinux_1_2_x86_64.whl", hash = "sha256:1d2288a7f1d0dec1ccce50b4470751acb563689048752fdbf7a4a804df3a0e0d", size = 3475892 },
    { url = "https://files.pythonhosted.org/packages/11/1e/5133e346f0138f13d04e38f4b3976dc92ab4a1d72fc18f1199552c0bde3c/psycopg_binary-3.2.7-cp313-cp313-win_amd64.whl", hash = "sha256:c3781beaffb33fce17d8f137b003ebd930a7148eab2a1f60628e86c3d67884ea", size = 2927499 },
]

[[package]]
name = "psycopg-pool"
version = "3.2.6"
source = { registry = "https://pypi.org/simple" }
dependencies = [
    { name = "typing-extensions" },
]
sdist = { url = "https://files.pythonhosted.org/packages/cf/13/1e7850bb2c69a63267c3dbf37387d3f71a00fd0e2fa55c5db14d64ba1af4/psycopg_pool-3.2.6.tar.gz", hash = "sha256:0f92a7817719517212fbfe2fd58b8c35c1850cdd2a80d36b581ba2085d9148e5", size = 29770 }
wheels = [
    { url = "https://files.pythonhosted.org/packages/47/fd/4feb52a55c1a4bd748f2acaed1903ab54a723c47f6d0242780f4d97104d4/psycopg_pool-3.2.6-py3-none-any.whl", hash = "sha256:5887318a9f6af906d041a0b1dc1c60f8f0dda8340c2572b74e10907b51ed5da7", size = 38252 },
]

[[package]]
name = "pytz"
version = "2025.2"
source = { registry = "https://pypi.org/simple" }
sdist = { url = "https://files.pythonhosted.org/packages/f8/bf/abbd3cdfb8fbc7fb3d4d38d320f2441b1e7cbe29be4f23797b4a2b5d8aac/pytz-2025.2.tar.gz", hash = "sha256:360b9e3dbb49a209c21ad61809c7fb453643e048b38924c765813546746e81c3", size = 320884 }
wheels = [
    { url = "https://files.pythonhosted.org/packages/81/c4/34e93fe5f5429d7570ec1fa436f1986fb1f00c3e0f43a589fe2bbcd22c3f/pytz-2025.2-py2.py3-none-any.whl", hash = "sha256:5ddf76296dd8c44c26eb8f4b6f35488f3ccbf6fbbd7adee0b7262d43f0ec2f00", size = 509225 },
]

[[package]]
name = "shtab"
version = "1.7.2"
source = { registry = "https://pypi.org/simple" }
sdist = { url = "https://files.pythonhosted.org/packages/5a/3e/837067b970c1d2ffa936c72f384a63fdec4e186b74da781e921354a94024/shtab-1.7.2.tar.gz", hash = "sha256:8c16673ade76a2d42417f03e57acf239bfb5968e842204c17990cae357d07d6f", size = 45751 }
wheels = [
    { url = "https://files.pythonhosted.org/packages/74/03/3271b7bb470fbab4adf5bd30b0d32143909d96f3608d815b447357f47f2b/shtab-1.7.2-py3-none-any.whl", hash = "sha256:858a5805f6c137bb0cda4f282d27d08fd44ca487ab4a6a36d2a400263cd0b5c1", size = 14214 },
]

[[package]]
name = "typing-extensions"
version = "4.13.2"
source = { registry = "https://pypi.org/simple" }
sdist = { url = "https://files.pythonhosted.org/packages/f6/37/23083fcd6e35492953e8d2aaaa68b860eb422b34627b13f2ce3eb6106061/typing_extensions-4.13.2.tar.gz", hash = "sha256:e6c81219bd689f51865d9e372991c540bda33a0379d5573cddb9a3a23f7caaef", size = 106967 }
wheels = [
    { url = "https://files.pythonhosted.org/packages/8b/54/b1ae86c0973cc6f0210b53d508ca3641fb6d0c56823f288d108bc7ab3cc8/typing_extensions-4.13.2-py3-none-any.whl", hash = "sha256:a439e7c04b49fec3e5d3e2beaa21755cadbbdc391694e28ccdd36ca4a1408f8c", size = 45806 },
]

[[package]]
name = "tzdata"
version = "2025.2"
source = { registry = "https://pypi.org/simple" }
sdist = { url = "https://files.pythonhosted.org/packages/95/32/1a225d6164441be760d75c2c42e2780dc0873fe382da3e98a2e1e48361e5/tzdata-2025.2.tar.gz", hash = "sha256:b60a638fcc0daffadf82fe0f57e53d06bdec2f36c4df66280ae79bce6bd6f2b9", size = 196380 }
wheels = [
    { url = "https://files.pythonhosted.org/packages/5c/23/c7abc0ca0a1526a0774eca151daeb8de62ec457e77262b66b359c3c7679e/tzdata-2025.2-py2.py3-none-any.whl", hash = "sha256:1a403fada01ff9221ca8044d701868fa132215d84beb92242d9acd2147f667a8", size = 347839 },
]
